// !$*UTF8*$!
{
	archiveVersion = 1;
	classes = {
	};
	objectVersion = 46;
	objects = {

/* Begin PBXBuildFile section */
		9CA5691A176A0BA300A16B7B /* UIKit.framework in Frameworks */ = {isa = PBXBuildFile; fileRef = 9CA56919176A0BA300A16B7B /* UIKit.framework */; };
		9CA5691C176A0BA300A16B7B /* Foundation.framework in Frameworks */ = {isa = PBXBuildFile; fileRef = 9CA5691B176A0BA300A16B7B /* Foundation.framework */; };
		9CA5691E176A0BA300A16B7B /* CoreGraphics.framework in Frameworks */ = {isa = PBXBuildFile; fileRef = 9CA5691D176A0BA300A16B7B /* CoreGraphics.framework */; };
		9CA56924176A0BA300A16B7B /* InfoPlist.strings in Resources */ = {isa = PBXBuildFile; fileRef = 9CA56922176A0BA300A16B7B /* InfoPlist.strings */; };
		9CA56926176A0BA300A16B7B /* main.m in Sources */ = {isa = PBXBuildFile; fileRef = 9CA56925176A0BA300A16B7B /* main.m */; };
		9CA5692A176A0BA300A16B7B /* LCAppDelegate.m in Sources */ = {isa = PBXBuildFile; fileRef = 9CA56929176A0BA300A16B7B /* LCAppDelegate.m */; };
		9CA5692C176A0BA300A16B7B /* Default.png in Resources */ = {isa = PBXBuildFile; fileRef = 9CA5692B176A0BA300A16B7B /* Default.png */; };
		9CA5692E176A0BA300A16B7B /* Default@2x.png in Resources */ = {isa = PBXBuildFile; fileRef = 9CA5692D176A0BA300A16B7B /* Default@2x.png */; };
		9CA56930176A0BA300A16B7B /* Default-568h@2x.png in Resources */ = {isa = PBXBuildFile; fileRef = 9CA5692F176A0BA300A16B7B /* Default-568h@2x.png */; };
/* End PBXBuildFile section */

/* Begin PBXFileReference section */
		9CA56916176A0BA300A16B7B /* lol.app */ = {isa = PBXFileReference; explicitFileType = wrapper.application; includeInIndex = 0; path = lol.app; sourceTree = BUILT_PRODUCTS_DIR; };
		9CA56919176A0BA300A16B7B /* UIKit.framework */ = {isa = PBXFileReference; lastKnownFileType = wrapper.framework; name = UIKit.framework; path = System/Library/Frameworks/UIKit.framework; sourceTree = SDKROOT; };
		9CA5691B176A0BA300A16B7B /* Foundation.framework */ = {isa = PBXFileReference; lastKnownFileType = wrapper.framework; name = Foundation.framework; path = System/Library/Frameworks/Foundation.framework; sourceTree = SDKROOT; };
		9CA5691D176A0BA300A16B7B /* CoreGraphics.framework */ = {isa = PBXFileReference; lastKnownFileType = wrapper.framework; name = CoreGraphics.framework; path = System/Library/Frameworks/CoreGraphics.framework; sourceTree = SDKROOT; };
		9CA56921176A0BA300A16B7B /* lol-Info.plist */ = {isa = PBXFileReference; lastKnownFileType = text.plist.xml; path = "lol-Info.plist"; sourceTree = "<group>"; };
		9CA56923176A0BA300A16B7B /* en */ = {isa = PBXFileReference; lastKnownFileType = text.plist.strings; name = en; path = en.lproj/InfoPlist.strings; sourceTree = "<group>"; };
		9CA56925176A0BA300A16B7B /* main.m */ = {isa = PBXFileReference; lastKnownFileType = sourcecode.c.objc; path = main.m; sourceTree = "<group>"; };
		9CA56927176A0BA300A16B7B /* lol-Prefix.pch */ = {isa = PBXFileReference; lastKnownFileType = sourcecode.c.h; path = "lol-Prefix.pch"; sourceTree = "<group>"; };
		9CA56928176A0BA300A16B7B /* LCAppDelegate.h */ = {isa = PBXFileReference; lastKnownFileType = sourcecode.c.h; path = LCAppDelegate.h; sourceTree = "<group>"; };
		9CA56929176A0BA300A16B7B /* LCAppDelegate.m */ = {isa = PBXFileReference; lastKnownFileType = sourcecode.c.objc; path = LCAppDelegate.m; sourceTree = "<group>"; };
		9CA5692B176A0BA300A16B7B /* Default.png */ = {isa = PBXFileReference; lastKnownFileType = image.png; path = Default.png; sourceTree = "<group>"; };
		9CA5692D176A0BA300A16B7B /* Default@2x.png */ = {isa = PBXFileReference; lastKnownFileType = image.png; path = "Default@2x.png"; sourceTree = "<group>"; };
		9CA5692F176A0BA300A16B7B /* Default-568h@2x.png */ = {isa = PBXFileReference; lastKnownFileType = image.png; path = "Default-568h@2x.png"; sourceTree = "<group>"; };
/* End PBXFileReference section */

/* Begin PBXFrameworksBuildPhase section */
		9CA56913176A0BA300A16B7B /* Frameworks */ = {
			isa = PBXFrameworksBuildPhase;
			buildActionMask = 2147483647;
			files = (
				9CA5691A176A0BA300A16B7B /* UIKit.framework in Frameworks */,
				9CA5691C176A0BA300A16B7B /* Foundation.framework in Frameworks */,
				9CA5691E176A0BA300A16B7B /* CoreGraphics.framework in Frameworks */,
			);
			runOnlyForDeploymentPostprocessing = 0;
		};
/* End PBXFrameworksBuildPhase section */

/* Begin PBXGroup section */
		9CA5690D176A0BA300A16B7B = {
			isa = PBXGroup;
			children = (
				9CA5691F176A0BA300A16B7B /* lol */,
				9CA56918176A0BA300A16B7B /* Frameworks */,
				9CA56917176A0BA300A16B7B /* Products */,
			);
			sourceTree = "<group>";
		};
		9CA56917176A0BA300A16B7B /* Products */ = {
			isa = PBXGroup;
			children = (
				9CA56916176A0BA300A16B7B /* lol.app */,
			);
			name = Products;
			sourceTree = "<group>";
		};
		9CA56918176A0BA300A16B7B /* Frameworks */ = {
			isa = PBXGroup;
			children = (
				9CA56919176A0BA300A16B7B /* UIKit.framework */,
				9CA5691B176A0BA300A16B7B /* Foundation.framework */,
				9CA5691D176A0BA300A16B7B /* CoreGraphics.framework */,
			);
			name = Frameworks;
			sourceTree = "<group>";
		};
		9CA5691F176A0BA300A16B7B /* lol */ = {
			isa = PBXGroup;
			children = (
				9CA56928176A0BA300A16B7B /* LCAppDelegate.h */,
				9CA56929176A0BA300A16B7B /* LCAppDelegate.m */,
				9CA56920176A0BA300A16B7B /* Supporting Files */,
			);
			path = lol;
			sourceTree = "<group>";
		};
		9CA56920176A0BA300A16B7B /* Supporting Files */ = {
			isa = PBXGroup;
			children = (
				9CA56921176A0BA300A16B7B /* lol-Info.plist */,
				9CA56922176A0BA300A16B7B /* InfoPlist.strings */,
				9CA56925176A0BA300A16B7B /* main.m */,
				9CA56927176A0BA300A16B7B /* lol-Prefix.pch */,
				9CA5692B176A0BA300A16B7B /* Default.png */,
				9CA5692D176A0BA300A16B7B /* Default@2x.png */,
				9CA5692F176A0BA300A16B7B /* Default-568h@2x.png */,
			);
			name = "Supporting Files";
			sourceTree = "<group>";
		};
/* End PBXGroup section */

/* Begin PBXNativeTarget section */
		9CA56915176A0BA300A16B7B /* lol */ = {
			isa = PBXNativeTarget;
			buildConfigurationList = 9CA56933176A0BA300A16B7B /* Build configuration list for PBXNativeTarget "lol" */;
			buildPhases = (
				9CA56912176A0BA300A16B7B /* Sources */,
				9CA56913176A0BA300A16B7B /* Frameworks */,
				9CA56914176A0BA300A16B7B /* Resources */,
			);
			buildRules = (
			);
			dependencies = (
			);
			name = lol;
			productName = lol;
			productReference = 9CA56916176A0BA300A16B7B /* lol.app */;
			productType = "com.apple.product-type.application";
		};
/* End PBXNativeTarget section */

/* Begin PBXProject section */
		9CA5690E176A0BA300A16B7B /* Project object */ = {
			isa = PBXProject;
			attributes = {
				CLASSPREFIX = LC;
				LastUpgradeCheck = 0460;
				ORGANIZATIONNAME = WUDI;
			};
			buildConfigurationList = 9CA56911176A0BA300A16B7B /* Build configuration list for PBXProject "lol" */;
			compatibilityVersion = "Xcode 3.2";
			developmentRegion = English;
			hasScannedForEncodings = 0;
			knownRegions = (
				en,
			);
			mainGroup = 9CA5690D176A0BA300A16B7B;
			productRefGroup = 9CA56917176A0BA300A16B7B /* Products */;
			projectDirPath = "";
			projectRoot = "";
			targets = (
				9CA56915176A0BA300A16B7B /* lol */,
			);
		};
/* End PBXProject section */

/* Begin PBXResourcesBuildPhase section */
		9CA56914176A0BA300A16B7B /* Resources */ = {
			isa = PBXResourcesBuildPhase;
			buildActionMask = 2147483647;
			files = (
				9CA56924176A0BA300A16B7B /* InfoPlist.strings in Resources */,
				9CA5692C176A0BA300A16B7B /* Default.png in Resources */,
				9CA5692E176A0BA300A16B7B /* Default@2x.png in Resources */,
				9CA56930176A0BA300A16B7B /* Default-568h@2x.png in Resources */,
			);
			runOnlyForDeploymentPostprocessing = 0;
		};
/* End PBXResourcesBuildPhase section */

/* Begin PBXSourcesBuildPhase section */
		9CA56912176A0BA300A16B7B /* Sources */ = {
			isa = PBXSourcesBuildPhase;
			buildActionMask = 2147483647;
			files = (
				9CA56926176A0BA300A16B7B /* main.m in Sources */,
				9CA5692A176A0BA300A16B7B /* LCAppDelegate.m in Sources */,
			);
			runOnlyForDeploymentPostprocessing = 0;
		};
/* End PBXSourcesBuildPhase section */

/* Begin PBXVariantGroup section */
		9CA56922176A0BA300A16B7B /* InfoPlist.strings */ = {
			isa = PBXVariantGroup;
			children = (
				9CA56923176A0BA300A16B7B /* en */,
			);
			name = InfoPlist.strings;
			sourceTree = "<group>";
		};
/* End PBXVariantGroup section */

/* Begin XCBuildConfiguration section */
		9CA56931176A0BA300A16B7B /* Debug */ = {
			isa = XCBuildConfiguration;
			buildSettings = {
				ALWAYS_SEARCH_USER_PATHS = NO;
				CLANG_CXX_LANGUAGE_STANDARD = "gnu++0x";
				CLANG_CXX_LIBRARY = "libc++";
				CLANG_ENABLE_OBJC_ARC = YES;
				CLANG_WARN_CONSTANT_CONVERSION = YES;
				CLANG_WARN_EMPTY_BODY = YES;
				CLANG_WARN_ENUM_CONVERSION = YES;
				CLANG_WARN_INT_CONVERSION = YES;
				CLANG_WARN__DUPLICATE_METHOD_MATCH = YES;
				"CODE_SIGN_IDENTITY[sdk=iphoneos*]" = "iPhone Developer";
				COPY_PHASE_STRIP = NO;
				GCC_C_LANGUAGE_STANDARD = gnu99;
				GCC_DYNAMIC_NO_PIC = NO;
				GCC_OPTIMIZATION_LEVEL = 0;
				GCC_PREPROCESSOR_DEFINITIONS = (
					"DEBUG=1",
					"$(inherited)",
				);
				GCC_SYMBOLS_PRIVATE_EXTERN = NO;
				GCC_WARN_ABOUT_RETURN_TYPE = YES;
				GCC_WARN_UNINITIALIZED_AUTOS = YES;
				GCC_WARN_UNUSED_VARIABLE = YES;
				IPHONEOS_DEPLOYMENT_TARGET = 6.1;
				ONLY_ACTIVE_ARCH = YES;
				SDKROOT = iphoneos;
			};
			name = Debug;
		};
		9CA56932176A0BA300A16B7B /* Release */ = {
			isa = XCBuildConfiguration;
			buildSettings = {
				ALWAYS_SEARCH_USER_PATHS = NO;
				CLANG_CXX_LANGUAGE_STANDARD = "gnu++0x";
				CLANG_CXX_LIBRARY = "libc++";
				CLANG_ENABLE_OBJC_ARC = YES;
				CLANG_WARN_CONSTANT_CONVERSION = YES;
				CLANG_WARN_EMPTY_BODY = YES;
				CLANG_WARN_ENUM_CONVERSION = YES;
				CLANG_WARN_INT_CONVERSION = YES;
				CLANG_WARN__DUPLICATE_METHOD_MATCH = YES;
				"CODE_SIGN_IDENTITY[sdk=iphoneos*]" = "iPhone Developer";
				COPY_PHASE_STRIP = YES;
				GCC_C_LANGUAGE_STANDARD = gnu99;
				GCC_WARN_ABOUT_RETURN_TYPE = YES;
				GCC_WARN_UNINITIALIZED_AUTOS = YES;
				GCC_WARN_UNUSED_VARIABLE = YES;
				IPHONEOS_DEPLOYMENT_TARGET = 6.1;
				OTHER_CFLAGS = "-DNS_BLOCK_ASSERTIONS=1";
				SDKROOT = iphoneos;
				VALIDATE_PRODUCT = YES;
			};
			name = Release;
		};
		9CA56934176A0BA300A16B7B /* Debug */ = {
			isa = XCBuildConfiguration;
			buildSettings = {
				GCC_PRECOMPILE_PREFIX_HEADER = YES;
				GCC_PREFIX_HEADER = "lol/lol-Prefix.pch";
				INFOPLIST_FILE = "lol/lol-Info.plist";
				PRODUCT_NAME = "$(TARGET_NAME)";
				WRAPPER_EXTENSION = app;
			};
			name = Debug;
		};
		9CA56935176A0BA300A16B7B /* Release */ = {
			isa = XCBuildConfiguration;
			buildSettings = {
				GCC_PRECOMPILE_PREFIX_HEADER = YES;
				GCC_PREFIX_HEADER = "lol/lol-Prefix.pch";
				INFOPLIST_FILE = "lol/lol-Info.plist";
				PRODUCT_NAME = "$(TARGET_NAME)";
				WRAPPER_EXTENSION = app;
			};
			name = Release;
		};
/* End XCBuildConfiguration section */

/* Begin XCConfigurationList section */
		9CA56911176A0BA300A16B7B /* Build configuration list for PBXProject "lol" */ = {
			isa = XCConfigurationList;
			buildConfigurations = (
				9CA56931176A0BA300A16B7B /* Debug */,
				9CA56932176A0BA300A16B7B /* Release */,
			);
			defaultConfigurationIsVisible = 0;
			defaultConfigurationName = Release;
		};
		9CA56933176A0BA300A16B7B /* Build configuration list for PBXNativeTarget "lol" */ = {
			isa = XCConfigurationList;
			buildConfigurations = (
				9CA56934176A0BA300A16B7B /* Debug */,
				9CA56935176A0BA300A16B7B /* Release */,
			);
			defaultConfigurationIsVisible = 0;
		};
/* End XCConfigurationList section */
	};
	rootObject = 9CA5690E176A0BA300A16B7B /* Project object */;
}
