// !$*UTF8*$!
{
	archiveVersion = 1;
	classes = {
	};
	objectVersion = 46;
	objects = {

/* Begin PBXBuildFile section */
		9C138E6B176FA0C7003CC90C /* XMPPPresence+LCCategory.m in Sources */ = {isa = PBXBuildFile; fileRef = 9C138E6A176FA0C7003CC90C /* XMPPPresence+LCCategory.m */; };
		9C138E6E17705911003CC90C /* DDXMLDocument+LCCategory.m in Sources */ = {isa = PBXBuildFile; fileRef = 9C138E6D17705911003CC90C /* DDXMLDocument+LCCategory.m */; };
		9C138E721770813B003CC90C /* LCStateView.m in Sources */ = {isa = PBXBuildFile; fileRef = 9C138E711770813B003CC90C /* LCStateView.m */; };
		9C138E75177081CE003CC90C /* UIView+APCategory.m in Sources */ = {isa = PBXBuildFile; fileRef = 9C138E74177081CE003CC90C /* UIView+APCategory.m */; };
		9C138E7817708249003CC90C /* reloadButton.png in Resources */ = {isa = PBXBuildFile; fileRef = 9C138E7617708249003CC90C /* reloadButton.png */; };
		9C138E7917708249003CC90C /* reloadButton@2x.png in Resources */ = {isa = PBXBuildFile; fileRef = 9C138E7717708249003CC90C /* reloadButton@2x.png */; };
		9C138E7D177082B3003CC90C /* reloadButtonActive@2x.png in Resources */ = {isa = PBXBuildFile; fileRef = 9C138E7B177082B3003CC90C /* reloadButtonActive@2x.png */; };
		9C138E7E177082B3003CC90C /* reloadButtonActive.png in Resources */ = {isa = PBXBuildFile; fileRef = 9C138E7C177082B3003CC90C /* reloadButtonActive.png */; };
		9C138E851770A8CB003CC90C /* LCSummoner.m in Sources */ = {isa = PBXBuildFile; fileRef = 9C138E841770A8CB003CC90C /* LCSummoner.m */; };
		9C138E881770A93B003CC90C /* LCModel.m in Sources */ = {isa = PBXBuildFile; fileRef = 9C138E871770A93B003CC90C /* LCModel.m */; };
		9C138E8B1770AA86003CC90C /* LCChampion.m in Sources */ = {isa = PBXBuildFile; fileRef = 9C138E8A1770AA86003CC90C /* LCChampion.m */; };
		9C138E911770ADD9003CC90C /* LCGame.m in Sources */ = {isa = PBXBuildFile; fileRef = 9C138E901770ADD9003CC90C /* LCGame.m */; };
		9C138E941770B1A1003CC90C /* LCSummonerCell.m in Sources */ = {isa = PBXBuildFile; fileRef = 9C138E931770B1A1003CC90C /* LCSummonerCell.m */; };
		9C138E971770BC0E003CC90C /* XMPPIQ+LCCategory.m in Sources */ = {isa = PBXBuildFile; fileRef = 9C138E961770BC0E003CC90C /* XMPPIQ+LCCategory.m */; };
		9C138E9A1770BE65003CC90C /* LCSummonerCellObject.m in Sources */ = {isa = PBXBuildFile; fileRef = 9C138E991770BE65003CC90C /* LCSummonerCellObject.m */; };
		9C1B8FDC1777519C003677AC /* LCSummonerViewController.m in Sources */ = {isa = PBXBuildFile; fileRef = 9C1B8FDB1777519C003677AC /* LCSummonerViewController.m */; };
		9C1B8FDF17775418003677AC /* LCGameTabBarController.m in Sources */ = {isa = PBXBuildFile; fileRef = 9C1B8FDE17775418003677AC /* LCGameTabBarController.m */; };
		9C1B8FE217777937003677AC /* LCCurrentSummoner.m in Sources */ = {isa = PBXBuildFile; fileRef = 9C1B8FE117777937003677AC /* LCCurrentSummoner.m */; };
		9C52A666176B2A2D00A472E5 /* NSString+LCCategory.m in Sources */ = {isa = PBXBuildFile; fileRef = 9C52A665176B2A2D00A472E5 /* NSString+LCCategory.m */; };
		9C52A6F7176B45D600A472E5 /* CoreData.framework in Frameworks */ = {isa = PBXBuildFile; fileRef = 9C52A6F6176B45D500A472E5 /* CoreData.framework */; };
		9C52A747176B4D7900A472E5 /* CoreLocation.framework in Frameworks */ = {isa = PBXBuildFile; fileRef = 9C52A746176B4D7800A472E5 /* CoreLocation.framework */; };
		9C52A823176B5D9A00A472E5 /* XMPPReconnect.m in Sources */ = {isa = PBXBuildFile; fileRef = 9C52A758176B5D9A00A472E5 /* XMPPReconnect.m */; };
		9CA5691A176A0BA300A16B7B /* UIKit.framework in Frameworks */ = {isa = PBXBuildFile; fileRef = 9CA56919176A0BA300A16B7B /* UIKit.framework */; };
		9CA5691C176A0BA300A16B7B /* Foundation.framework in Frameworks */ = {isa = PBXBuildFile; fileRef = 9CA5691B176A0BA300A16B7B /* Foundation.framework */; };
		9CA5691E176A0BA300A16B7B /* CoreGraphics.framework in Frameworks */ = {isa = PBXBuildFile; fileRef = 9CA5691D176A0BA300A16B7B /* CoreGraphics.framework */; };
		9CA56924176A0BA300A16B7B /* InfoPlist.strings in Resources */ = {isa = PBXBuildFile; fileRef = 9CA56922176A0BA300A16B7B /* InfoPlist.strings */; };
		9CA56926176A0BA300A16B7B /* main.m in Sources */ = {isa = PBXBuildFile; fileRef = 9CA56925176A0BA300A16B7B /* main.m */; };
		9CA5692A176A0BA300A16B7B /* LCAppDelegate.m in Sources */ = {isa = PBXBuildFile; fileRef = 9CA56929176A0BA300A16B7B /* LCAppDelegate.m */; };
		9CA5692C176A0BA300A16B7B /* Default.png in Resources */ = {isa = PBXBuildFile; fileRef = 9CA5692B176A0BA300A16B7B /* Default.png */; };
		9CA5692E176A0BA300A16B7B /* Default@2x.png in Resources */ = {isa = PBXBuildFile; fileRef = 9CA5692D176A0BA300A16B7B /* Default@2x.png */; };
		9CA56930176A0BA300A16B7B /* Default-568h@2x.png in Resources */ = {isa = PBXBuildFile; fileRef = 9CA5692F176A0BA300A16B7B /* Default-568h@2x.png */; };
		9CA56947176A11A300A16B7B /* DDAbstractDatabaseLogger.m in Sources */ = {isa = PBXBuildFile; fileRef = 9CA56938176A11A300A16B7B /* DDAbstractDatabaseLogger.m */; };
		9CA56948176A11A300A16B7B /* DDASLLogger.m in Sources */ = {isa = PBXBuildFile; fileRef = 9CA5693A176A11A300A16B7B /* DDASLLogger.m */; };
		9CA56949176A11A300A16B7B /* DDFileLogger.m in Sources */ = {isa = PBXBuildFile; fileRef = 9CA5693C176A11A300A16B7B /* DDFileLogger.m */; };
		9CA5694A176A11A300A16B7B /* DDLog.m in Sources */ = {isa = PBXBuildFile; fileRef = 9CA5693E176A11A300A16B7B /* DDLog.m */; };
		9CA5694B176A11A300A16B7B /* DDTTYLogger.m in Sources */ = {isa = PBXBuildFile; fileRef = 9CA56940176A11A300A16B7B /* DDTTYLogger.m */; };
		9CA5694C176A11A300A16B7B /* ContextFilterLogFormatter.m in Sources */ = {isa = PBXBuildFile; fileRef = 9CA56943176A11A300A16B7B /* ContextFilterLogFormatter.m */; };
		9CA5694D176A11A300A16B7B /* DispatchQueueLogFormatter.m in Sources */ = {isa = PBXBuildFile; fileRef = 9CA56945176A11A300A16B7B /* DispatchQueueLogFormatter.m */; };
		9CA5694E176A11A300A16B7B /* README.txt in Resources */ = {isa = PBXBuildFile; fileRef = 9CA56946176A11A300A16B7B /* README.txt */; };
		9CA56952176A11C900A16B7B /* GCDAsyncSocket.m in Sources */ = {isa = PBXBuildFile; fileRef = 9CA56951176A11C900A16B7B /* GCDAsyncSocket.m */; };
		9CA56954176A11F800A16B7B /* CFNetwork.framework in Frameworks */ = {isa = PBXBuildFile; fileRef = 9CA56953176A11F800A16B7B /* CFNetwork.framework */; };
		9CA56958176A121100A16B7B /* Security.framework in Frameworks */ = {isa = PBXBuildFile; fileRef = 9CA56957176A121100A16B7B /* Security.framework */; };
		9CA56966176A122900A16B7B /* NSString+DDXML.m in Sources */ = {isa = PBXBuildFile; fileRef = 9CA5695C176A122900A16B7B /* NSString+DDXML.m */; };
		9CA56967176A122900A16B7B /* DDXMLDocument.m in Sources */ = {isa = PBXBuildFile; fileRef = 9CA5695F176A122900A16B7B /* DDXMLDocument.m */; };
		9CA56968176A122900A16B7B /* DDXMLElement.m in Sources */ = {isa = PBXBuildFile; fileRef = 9CA56961176A122900A16B7B /* DDXMLElement.m */; };
		9CA56969176A122900A16B7B /* DDXMLNode.m in Sources */ = {isa = PBXBuildFile; fileRef = 9CA56963176A122900A16B7B /* DDXMLNode.m */; };
		9CA5696D176A127500A16B7B /* libidn.a in Frameworks */ = {isa = PBXBuildFile; fileRef = 9CA5696B176A127500A16B7B /* libidn.a */; };
		9CA5696F176A128F00A16B7B /* libresolv.dylib in Frameworks */ = {isa = PBXBuildFile; fileRef = 9CA5696E176A128F00A16B7B /* libresolv.dylib */; };
		9CA56975176A131100A16B7B /* libxml2.dylib in Frameworks */ = {isa = PBXBuildFile; fileRef = 9CA56974176A131100A16B7B /* libxml2.dylib */; };
		9CA5697C176A183D00A16B7B /* LCLoginViewController.m in Sources */ = {isa = PBXBuildFile; fileRef = 9CA5697B176A183D00A16B7B /* LCLoginViewController.m */; };
		9CA569BA176A19F400A16B7B /* DDList.m in Sources */ = {isa = PBXBuildFile; fileRef = 9CA56980176A19F400A16B7B /* DDList.m */; };
		9CA569BB176A19F400A16B7B /* GCDMulticastDelegate.m in Sources */ = {isa = PBXBuildFile; fileRef = 9CA56982176A19F400A16B7B /* GCDMulticastDelegate.m */; };
		9CA569BC176A19F400A16B7B /* LibIDN.m in Sources */ = {isa = PBXBuildFile; fileRef = 9CA56984176A19F400A16B7B /* LibIDN.m */; };
		9CA569BD176A19F400A16B7B /* RFImageToDataTransformer.m in Sources */ = {isa = PBXBuildFile; fileRef = 9CA56986176A19F400A16B7B /* RFImageToDataTransformer.m */; };
		9CA569BE176A19F400A16B7B /* XMPPIDTracker.m in Sources */ = {isa = PBXBuildFile; fileRef = 9CA56988176A19F400A16B7B /* XMPPIDTracker.m */; };
		9CA569BF176A19F400A16B7B /* XMPPSRVResolver.m in Sources */ = {isa = PBXBuildFile; fileRef = 9CA5698A176A19F400A16B7B /* XMPPSRVResolver.m */; };
		9CA569C0176A19F400A16B7B /* XMPPAnonymousAuthentication.m in Sources */ = {isa = PBXBuildFile; fileRef = 9CA5698E176A19F400A16B7B /* XMPPAnonymousAuthentication.m */; };
		9CA569C1176A19F400A16B7B /* XMPPDeprecatedDigestAuthentication.m in Sources */ = {isa = PBXBuildFile; fileRef = 9CA56991176A19F400A16B7B /* XMPPDeprecatedDigestAuthentication.m */; };
		9CA569C2176A19F400A16B7B /* XMPPDeprecatedPlainAuthentication.m in Sources */ = {isa = PBXBuildFile; fileRef = 9CA56994176A19F400A16B7B /* XMPPDeprecatedPlainAuthentication.m */; };
		9CA569C3176A19F400A16B7B /* XMPPDigestMD5Authentication.m in Sources */ = {isa = PBXBuildFile; fileRef = 9CA56997176A19F400A16B7B /* XMPPDigestMD5Authentication.m */; };
		9CA569C4176A19F400A16B7B /* XMPPPlainAuthentication.m in Sources */ = {isa = PBXBuildFile; fileRef = 9CA5699A176A19F400A16B7B /* XMPPPlainAuthentication.m */; };
		9CA569C5176A19F400A16B7B /* XMPPXFacebookPlatformAuthentication.m in Sources */ = {isa = PBXBuildFile; fileRef = 9CA5699D176A19F400A16B7B /* XMPPXFacebookPlatformAuthentication.m */; };
		9CA569C6176A19F400A16B7B /* NSData+XMPP.m in Sources */ = {isa = PBXBuildFile; fileRef = 9CA569A1176A19F400A16B7B /* NSData+XMPP.m */; };
		9CA569C7176A19F400A16B7B /* NSNumber+XMPP.m in Sources */ = {isa = PBXBuildFile; fileRef = 9CA569A3176A19F400A16B7B /* NSNumber+XMPP.m */; };
		9CA569C8176A19F400A16B7B /* NSXMLElement+XMPP.m in Sources */ = {isa = PBXBuildFile; fileRef = 9CA569A5176A19F400A16B7B /* NSXMLElement+XMPP.m */; };
		9CA569C9176A19F400A16B7B /* XMPPElement.m in Sources */ = {isa = PBXBuildFile; fileRef = 9CA569A9176A19F400A16B7B /* XMPPElement.m */; };
		9CA569CA176A19F400A16B7B /* XMPPIQ.m in Sources */ = {isa = PBXBuildFile; fileRef = 9CA569AC176A19F400A16B7B /* XMPPIQ.m */; };
		9CA569CB176A19F400A16B7B /* XMPPJID.m in Sources */ = {isa = PBXBuildFile; fileRef = 9CA569AE176A19F400A16B7B /* XMPPJID.m */; };
		9CA569CC176A19F400A16B7B /* XMPPMessage.m in Sources */ = {isa = PBXBuildFile; fileRef = 9CA569B1176A19F400A16B7B /* XMPPMessage.m */; };
		9CA569CD176A19F400A16B7B /* XMPPModule.m in Sources */ = {isa = PBXBuildFile; fileRef = 9CA569B3176A19F400A16B7B /* XMPPModule.m */; };
		9CA569CE176A19F400A16B7B /* XMPPParser.m in Sources */ = {isa = PBXBuildFile; fileRef = 9CA569B5176A19F400A16B7B /* XMPPParser.m */; };
		9CA569CF176A19F400A16B7B /* XMPPPresence.m in Sources */ = {isa = PBXBuildFile; fileRef = 9CA569B7176A19F400A16B7B /* XMPPPresence.m */; };
		9CA569D0176A19F400A16B7B /* XMPPStream.m in Sources */ = {isa = PBXBuildFile; fileRef = 9CA569B9176A19F400A16B7B /* XMPPStream.m */; };
		9CBD9293176DD42E006ED0BE /* FUIButton+LCCategory.m in Sources */ = {isa = PBXBuildFile; fileRef = 9CBD9292176DD42E006ED0BE /* FUIButton+LCCategory.m */; };
		9CC0AAEB176F4BBC00FA1A00 /* LCHomeViewController.m in Sources */ = {isa = PBXBuildFile; fileRef = 9CC0AAEA176F4BBC00FA1A00 /* LCHomeViewController.m */; };
		B90AA18ECA62449CA6468BE3 /* libPods.a in Frameworks */ = {isa = PBXBuildFile; fileRef = 2E6FAF64CE144990B9B2F5B5 /* libPods.a */; };
/* End PBXBuildFile section */

/* Begin PBXFileReference section */
		2E6FAF64CE144990B9B2F5B5 /* libPods.a */ = {isa = PBXFileReference; explicitFileType = archive.ar; includeInIndex = 0; path = libPods.a; sourceTree = BUILT_PRODUCTS_DIR; };
		9C138E69176FA0C7003CC90C /* XMPPPresence+LCCategory.h */ = {isa = PBXFileReference; fileEncoding = 4; lastKnownFileType = sourcecode.c.h; path = "XMPPPresence+LCCategory.h"; sourceTree = "<group>"; };
		9C138E6A176FA0C7003CC90C /* XMPPPresence+LCCategory.m */ = {isa = PBXFileReference; fileEncoding = 4; lastKnownFileType = sourcecode.c.objc; path = "XMPPPresence+LCCategory.m"; sourceTree = "<group>"; };
		9C138E6C17705911003CC90C /* DDXMLDocument+LCCategory.h */ = {isa = PBXFileReference; fileEncoding = 4; lastKnownFileType = sourcecode.c.h; path = "DDXMLDocument+LCCategory.h"; sourceTree = "<group>"; };
		9C138E6D17705911003CC90C /* DDXMLDocument+LCCategory.m */ = {isa = PBXFileReference; fileEncoding = 4; lastKnownFileType = sourcecode.c.objc; path = "DDXMLDocument+LCCategory.m"; sourceTree = "<group>"; };
		9C138E701770813B003CC90C /* LCStateView.h */ = {isa = PBXFileReference; fileEncoding = 4; lastKnownFileType = sourcecode.c.h; path = LCStateView.h; sourceTree = "<group>"; };
		9C138E711770813B003CC90C /* LCStateView.m */ = {isa = PBXFileReference; fileEncoding = 4; lastKnownFileType = sourcecode.c.objc; path = LCStateView.m; sourceTree = "<group>"; };
		9C138E73177081CE003CC90C /* UIView+APCategory.h */ = {isa = PBXFileReference; fileEncoding = 4; lastKnownFileType = sourcecode.c.h; path = "UIView+APCategory.h"; sourceTree = "<group>"; };
		9C138E74177081CE003CC90C /* UIView+APCategory.m */ = {isa = PBXFileReference; fileEncoding = 4; lastKnownFileType = sourcecode.c.objc; path = "UIView+APCategory.m"; sourceTree = "<group>"; };
		9C138E7617708249003CC90C /* reloadButton.png */ = {isa = PBXFileReference; lastKnownFileType = image.png; path = reloadButton.png; sourceTree = "<group>"; };
		9C138E7717708249003CC90C /* reloadButton@2x.png */ = {isa = PBXFileReference; lastKnownFileType = image.png; path = "reloadButton@2x.png"; sourceTree = "<group>"; };
		9C138E7B177082B3003CC90C /* reloadButtonActive@2x.png */ = {isa = PBXFileReference; lastKnownFileType = image.png; path = "reloadButtonActive@2x.png"; sourceTree = "<group>"; };
		9C138E7C177082B3003CC90C /* reloadButtonActive.png */ = {isa = PBXFileReference; lastKnownFileType = image.png; path = reloadButtonActive.png; sourceTree = "<group>"; };
		9C138E831770A8CB003CC90C /* LCSummoner.h */ = {isa = PBXFileReference; fileEncoding = 4; lastKnownFileType = sourcecode.c.h; path = LCSummoner.h; sourceTree = "<group>"; };
		9C138E841770A8CB003CC90C /* LCSummoner.m */ = {isa = PBXFileReference; fileEncoding = 4; lastKnownFileType = sourcecode.c.objc; path = LCSummoner.m; sourceTree = "<group>"; };
		9C138E861770A93B003CC90C /* LCModel.h */ = {isa = PBXFileReference; fileEncoding = 4; lastKnownFileType = sourcecode.c.h; path = LCModel.h; sourceTree = "<group>"; };
		9C138E871770A93B003CC90C /* LCModel.m */ = {isa = PBXFileReference; fileEncoding = 4; lastKnownFileType = sourcecode.c.objc; path = LCModel.m; sourceTree = "<group>"; };
		9C138E891770AA86003CC90C /* LCChampion.h */ = {isa = PBXFileReference; fileEncoding = 4; lastKnownFileType = sourcecode.c.h; path = LCChampion.h; sourceTree = "<group>"; };
		9C138E8A1770AA86003CC90C /* LCChampion.m */ = {isa = PBXFileReference; fileEncoding = 4; lastKnownFileType = sourcecode.c.objc; path = LCChampion.m; sourceTree = "<group>"; };
		9C138E8F1770ADD9003CC90C /* LCGame.h */ = {isa = PBXFileReference; fileEncoding = 4; lastKnownFileType = sourcecode.c.h; path = LCGame.h; sourceTree = "<group>"; };
		9C138E901770ADD9003CC90C /* LCGame.m */ = {isa = PBXFileReference; fileEncoding = 4; lastKnownFileType = sourcecode.c.objc; path = LCGame.m; sourceTree = "<group>"; };
		9C138E921770B1A1003CC90C /* LCSummonerCell.h */ = {isa = PBXFileReference; fileEncoding = 4; lastKnownFileType = sourcecode.c.h; path = LCSummonerCell.h; sourceTree = "<group>"; };
		9C138E931770B1A1003CC90C /* LCSummonerCell.m */ = {isa = PBXFileReference; fileEncoding = 4; lastKnownFileType = sourcecode.c.objc; path = LCSummonerCell.m; sourceTree = "<group>"; };
		9C138E951770BC0E003CC90C /* XMPPIQ+LCCategory.h */ = {isa = PBXFileReference; fileEncoding = 4; lastKnownFileType = sourcecode.c.h; path = "XMPPIQ+LCCategory.h"; sourceTree = "<group>"; };
		9C138E961770BC0E003CC90C /* XMPPIQ+LCCategory.m */ = {isa = PBXFileReference; fileEncoding = 4; lastKnownFileType = sourcecode.c.objc; path = "XMPPIQ+LCCategory.m"; sourceTree = "<group>"; };
		9C138E981770BE65003CC90C /* LCSummonerCellObject.h */ = {isa = PBXFileReference; fileEncoding = 4; lastKnownFileType = sourcecode.c.h; path = LCSummonerCellObject.h; sourceTree = "<group>"; };
		9C138E991770BE65003CC90C /* LCSummonerCellObject.m */ = {isa = PBXFileReference; fileEncoding = 4; lastKnownFileType = sourcecode.c.objc; path = LCSummonerCellObject.m; sourceTree = "<group>"; };
		9C1B8FDA1777519C003677AC /* LCSummonerViewController.h */ = {isa = PBXFileReference; fileEncoding = 4; lastKnownFileType = sourcecode.c.h; path = LCSummonerViewController.h; sourceTree = "<group>"; };
		9C1B8FDB1777519C003677AC /* LCSummonerViewController.m */ = {isa = PBXFileReference; fileEncoding = 4; lastKnownFileType = sourcecode.c.objc; path = LCSummonerViewController.m; sourceTree = "<group>"; };
		9C1B8FDD17775418003677AC /* LCGameTabBarController.h */ = {isa = PBXFileReference; fileEncoding = 4; lastKnownFileType = sourcecode.c.h; path = LCGameTabBarController.h; sourceTree = "<group>"; };
		9C1B8FDE17775418003677AC /* LCGameTabBarController.m */ = {isa = PBXFileReference; fileEncoding = 4; lastKnownFileType = sourcecode.c.objc; path = LCGameTabBarController.m; sourceTree = "<group>"; };
		9C1B8FE017777936003677AC /* LCCurrentSummoner.h */ = {isa = PBXFileReference; fileEncoding = 4; lastKnownFileType = sourcecode.c.h; path = LCCurrentSummoner.h; sourceTree = "<group>"; };
		9C1B8FE117777937003677AC /* LCCurrentSummoner.m */ = {isa = PBXFileReference; fileEncoding = 4; lastKnownFileType = sourcecode.c.objc; path = LCCurrentSummoner.m; sourceTree = "<group>"; };
		9C52A664176B2A2D00A472E5 /* NSString+LCCategory.h */ = {isa = PBXFileReference; fileEncoding = 4; lastKnownFileType = sourcecode.c.h; path = "NSString+LCCategory.h"; sourceTree = "<group>"; };
		9C52A665176B2A2D00A472E5 /* NSString+LCCategory.m */ = {isa = PBXFileReference; fileEncoding = 4; lastKnownFileType = sourcecode.c.objc; path = "NSString+LCCategory.m"; sourceTree = "<group>"; };
		9C52A67E176B44B600A472E5 /* XMPPFramework.h */ = {isa = PBXFileReference; lastKnownFileType = sourcecode.c.h; path = XMPPFramework.h; sourceTree = "<group>"; };
		9C52A6F6176B45D500A472E5 /* CoreData.framework */ = {isa = PBXFileReference; lastKnownFileType = wrapper.framework; name = CoreData.framework; path = System/Library/Frameworks/CoreData.framework; sourceTree = SDKROOT; };
		9C52A746176B4D7800A472E5 /* CoreLocation.framework */ = {isa = PBXFileReference; lastKnownFileType = wrapper.framework; name = CoreLocation.framework; path = System/Library/Frameworks/CoreLocation.framework; sourceTree = SDKROOT; };
		9C52A757176B5D9A00A472E5 /* XMPPReconnect.h */ = {isa = PBXFileReference; fileEncoding = 4; lastKnownFileType = sourcecode.c.h; path = XMPPReconnect.h; sourceTree = "<group>"; };
		9C52A758176B5D9A00A472E5 /* XMPPReconnect.m */ = {isa = PBXFileReference; fileEncoding = 4; lastKnownFileType = sourcecode.c.objc; path = XMPPReconnect.m; sourceTree = "<group>"; };
		9CA56916176A0BA300A16B7B /* lol.app */ = {isa = PBXFileReference; explicitFileType = wrapper.application; includeInIndex = 0; path = lol.app; sourceTree = BUILT_PRODUCTS_DIR; };
		9CA56919176A0BA300A16B7B /* UIKit.framework */ = {isa = PBXFileReference; lastKnownFileType = wrapper.framework; name = UIKit.framework; path = System/Library/Frameworks/UIKit.framework; sourceTree = SDKROOT; };
		9CA5691B176A0BA300A16B7B /* Foundation.framework */ = {isa = PBXFileReference; lastKnownFileType = wrapper.framework; name = Foundation.framework; path = System/Library/Frameworks/Foundation.framework; sourceTree = SDKROOT; };
		9CA5691D176A0BA300A16B7B /* CoreGraphics.framework */ = {isa = PBXFileReference; lastKnownFileType = wrapper.framework; name = CoreGraphics.framework; path = System/Library/Frameworks/CoreGraphics.framework; sourceTree = SDKROOT; };
		9CA56921176A0BA300A16B7B /* lol-Info.plist */ = {isa = PBXFileReference; lastKnownFileType = text.plist.xml; path = "lol-Info.plist"; sourceTree = "<group>"; };
		9CA56923176A0BA300A16B7B /* en */ = {isa = PBXFileReference; lastKnownFileType = text.plist.strings; name = en; path = en.lproj/InfoPlist.strings; sourceTree = "<group>"; };
		9CA56925176A0BA300A16B7B /* main.m */ = {isa = PBXFileReference; lastKnownFileType = sourcecode.c.objc; path = main.m; sourceTree = "<group>"; };
		9CA56927176A0BA300A16B7B /* lol-Prefix.pch */ = {isa = PBXFileReference; lastKnownFileType = sourcecode.c.h; path = "lol-Prefix.pch"; sourceTree = "<group>"; };
		9CA56928176A0BA300A16B7B /* LCAppDelegate.h */ = {isa = PBXFileReference; lastKnownFileType = sourcecode.c.h; path = LCAppDelegate.h; sourceTree = "<group>"; };
		9CA56929176A0BA300A16B7B /* LCAppDelegate.m */ = {isa = PBXFileReference; lastKnownFileType = sourcecode.c.objc; path = LCAppDelegate.m; sourceTree = "<group>"; };
		9CA5692B176A0BA300A16B7B /* Default.png */ = {isa = PBXFileReference; lastKnownFileType = image.png; path = Default.png; sourceTree = "<group>"; };
		9CA5692D176A0BA300A16B7B /* Default@2x.png */ = {isa = PBXFileReference; lastKnownFileType = image.png; path = "Default@2x.png"; sourceTree = "<group>"; };
		9CA5692F176A0BA300A16B7B /* Default-568h@2x.png */ = {isa = PBXFileReference; lastKnownFileType = image.png; path = "Default-568h@2x.png"; sourceTree = "<group>"; };
		9CA56937176A11A300A16B7B /* DDAbstractDatabaseLogger.h */ = {isa = PBXFileReference; fileEncoding = 4; lastKnownFileType = sourcecode.c.h; path = DDAbstractDatabaseLogger.h; sourceTree = "<group>"; };
		9CA56938176A11A300A16B7B /* DDAbstractDatabaseLogger.m */ = {isa = PBXFileReference; fileEncoding = 4; lastKnownFileType = sourcecode.c.objc; path = DDAbstractDatabaseLogger.m; sourceTree = "<group>"; };
		9CA56939176A11A300A16B7B /* DDASLLogger.h */ = {isa = PBXFileReference; fileEncoding = 4; lastKnownFileType = sourcecode.c.h; path = DDASLLogger.h; sourceTree = "<group>"; };
		9CA5693A176A11A300A16B7B /* DDASLLogger.m */ = {isa = PBXFileReference; fileEncoding = 4; lastKnownFileType = sourcecode.c.objc; path = DDASLLogger.m; sourceTree = "<group>"; };
		9CA5693B176A11A300A16B7B /* DDFileLogger.h */ = {isa = PBXFileReference; fileEncoding = 4; lastKnownFileType = sourcecode.c.h; path = DDFileLogger.h; sourceTree = "<group>"; };
		9CA5693C176A11A300A16B7B /* DDFileLogger.m */ = {isa = PBXFileReference; fileEncoding = 4; lastKnownFileType = sourcecode.c.objc; path = DDFileLogger.m; sourceTree = "<group>"; };
		9CA5693D176A11A300A16B7B /* DDLog.h */ = {isa = PBXFileReference; fileEncoding = 4; lastKnownFileType = sourcecode.c.h; path = DDLog.h; sourceTree = "<group>"; };
		9CA5693E176A11A300A16B7B /* DDLog.m */ = {isa = PBXFileReference; fileEncoding = 4; lastKnownFileType = sourcecode.c.objc; path = DDLog.m; sourceTree = "<group>"; };
		9CA5693F176A11A300A16B7B /* DDTTYLogger.h */ = {isa = PBXFileReference; fileEncoding = 4; lastKnownFileType = sourcecode.c.h; path = DDTTYLogger.h; sourceTree = "<group>"; };
		9CA56940176A11A300A16B7B /* DDTTYLogger.m */ = {isa = PBXFileReference; fileEncoding = 4; lastKnownFileType = sourcecode.c.objc; path = DDTTYLogger.m; sourceTree = "<group>"; };
		9CA56942176A11A300A16B7B /* ContextFilterLogFormatter.h */ = {isa = PBXFileReference; fileEncoding = 4; lastKnownFileType = sourcecode.c.h; path = ContextFilterLogFormatter.h; sourceTree = "<group>"; };
		9CA56943176A11A300A16B7B /* ContextFilterLogFormatter.m */ = {isa = PBXFileReference; fileEncoding = 4; lastKnownFileType = sourcecode.c.objc; path = ContextFilterLogFormatter.m; sourceTree = "<group>"; };
		9CA56944176A11A300A16B7B /* DispatchQueueLogFormatter.h */ = {isa = PBXFileReference; fileEncoding = 4; lastKnownFileType = sourcecode.c.h; path = DispatchQueueLogFormatter.h; sourceTree = "<group>"; };
		9CA56945176A11A300A16B7B /* DispatchQueueLogFormatter.m */ = {isa = PBXFileReference; fileEncoding = 4; lastKnownFileType = sourcecode.c.objc; path = DispatchQueueLogFormatter.m; sourceTree = "<group>"; };
		9CA56946176A11A300A16B7B /* README.txt */ = {isa = PBXFileReference; fileEncoding = 4; lastKnownFileType = text; path = README.txt; sourceTree = "<group>"; };
		9CA56950176A11C900A16B7B /* GCDAsyncSocket.h */ = {isa = PBXFileReference; fileEncoding = 4; lastKnownFileType = sourcecode.c.h; path = GCDAsyncSocket.h; sourceTree = "<group>"; };
		9CA56951176A11C900A16B7B /* GCDAsyncSocket.m */ = {isa = PBXFileReference; fileEncoding = 4; lastKnownFileType = sourcecode.c.objc; path = GCDAsyncSocket.m; sourceTree = "<group>"; };
		9CA56953176A11F800A16B7B /* CFNetwork.framework */ = {isa = PBXFileReference; lastKnownFileType = wrapper.framework; name = CFNetwork.framework; path = System/Library/Frameworks/CFNetwork.framework; sourceTree = SDKROOT; };
		9CA56957176A121100A16B7B /* Security.framework */ = {isa = PBXFileReference; lastKnownFileType = wrapper.framework; name = Security.framework; path = System/Library/Frameworks/Security.framework; sourceTree = SDKROOT; };
		9CA5695B176A122900A16B7B /* NSString+DDXML.h */ = {isa = PBXFileReference; fileEncoding = 4; lastKnownFileType = sourcecode.c.h; path = "NSString+DDXML.h"; sourceTree = "<group>"; };
		9CA5695C176A122900A16B7B /* NSString+DDXML.m */ = {isa = PBXFileReference; fileEncoding = 4; lastKnownFileType = sourcecode.c.objc; path = "NSString+DDXML.m"; sourceTree = "<group>"; };
		9CA5695D176A122900A16B7B /* DDXML.h */ = {isa = PBXFileReference; fileEncoding = 4; lastKnownFileType = sourcecode.c.h; path = DDXML.h; sourceTree = "<group>"; };
		9CA5695E176A122900A16B7B /* DDXMLDocument.h */ = {isa = PBXFileReference; fileEncoding = 4; lastKnownFileType = sourcecode.c.h; path = DDXMLDocument.h; sourceTree = "<group>"; };
		9CA5695F176A122900A16B7B /* DDXMLDocument.m */ = {isa = PBXFileReference; fileEncoding = 4; lastKnownFileType = sourcecode.c.objc; path = DDXMLDocument.m; sourceTree = "<group>"; };
		9CA56960176A122900A16B7B /* DDXMLElement.h */ = {isa = PBXFileReference; fileEncoding = 4; lastKnownFileType = sourcecode.c.h; path = DDXMLElement.h; sourceTree = "<group>"; };
		9CA56961176A122900A16B7B /* DDXMLElement.m */ = {isa = PBXFileReference; fileEncoding = 4; lastKnownFileType = sourcecode.c.objc; path = DDXMLElement.m; sourceTree = "<group>"; };
		9CA56962176A122900A16B7B /* DDXMLNode.h */ = {isa = PBXFileReference; fileEncoding = 4; lastKnownFileType = sourcecode.c.h; path = DDXMLNode.h; sourceTree = "<group>"; };
		9CA56963176A122900A16B7B /* DDXMLNode.m */ = {isa = PBXFileReference; fileEncoding = 4; lastKnownFileType = sourcecode.c.objc; path = DDXMLNode.m; sourceTree = "<group>"; };
		9CA56965176A122900A16B7B /* DDXMLPrivate.h */ = {isa = PBXFileReference; fileEncoding = 4; lastKnownFileType = sourcecode.c.h; path = DDXMLPrivate.h; sourceTree = "<group>"; };
		9CA5696A176A127500A16B7B /* idn-int.h */ = {isa = PBXFileReference; fileEncoding = 4; lastKnownFileType = sourcecode.c.h; name = "idn-int.h"; path = "XMPPFramework/Vendor/libidn/idn-int.h"; sourceTree = "<group>"; };
		9CA5696B176A127500A16B7B /* libidn.a */ = {isa = PBXFileReference; lastKnownFileType = archive.ar; name = libidn.a; path = XMPPFramework/Vendor/libidn/libidn.a; sourceTree = "<group>"; };
		9CA5696C176A127500A16B7B /* stringprep.h */ = {isa = PBXFileReference; fileEncoding = 4; lastKnownFileType = sourcecode.c.h; name = stringprep.h; path = XMPPFramework/Vendor/libidn/stringprep.h; sourceTree = "<group>"; };
		9CA5696E176A128F00A16B7B /* libresolv.dylib */ = {isa = PBXFileReference; lastKnownFileType = "compiled.mach-o.dylib"; name = libresolv.dylib; path = usr/lib/libresolv.dylib; sourceTree = SDKROOT; };
		9CA56974176A131100A16B7B /* libxml2.dylib */ = {isa = PBXFileReference; lastKnownFileType = "compiled.mach-o.dylib"; name = libxml2.dylib; path = usr/lib/libxml2.dylib; sourceTree = SDKROOT; };
		9CA5697A176A183D00A16B7B /* LCLoginViewController.h */ = {isa = PBXFileReference; fileEncoding = 4; lastKnownFileType = sourcecode.c.h; path = LCLoginViewController.h; sourceTree = "<group>"; };
		9CA5697B176A183D00A16B7B /* LCLoginViewController.m */ = {isa = PBXFileReference; fileEncoding = 4; lastKnownFileType = sourcecode.c.objc; path = LCLoginViewController.m; sourceTree = "<group>"; };
		9CA5697F176A19F400A16B7B /* DDList.h */ = {isa = PBXFileReference; fileEncoding = 4; lastKnownFileType = sourcecode.c.h; path = DDList.h; sourceTree = "<group>"; };
		9CA56980176A19F400A16B7B /* DDList.m */ = {isa = PBXFileReference; fileEncoding = 4; lastKnownFileType = sourcecode.c.objc; path = DDList.m; sourceTree = "<group>"; };
		9CA56981176A19F400A16B7B /* GCDMulticastDelegate.h */ = {isa = PBXFileReference; fileEncoding = 4; lastKnownFileType = sourcecode.c.h; path = GCDMulticastDelegate.h; sourceTree = "<group>"; };
		9CA56982176A19F400A16B7B /* GCDMulticastDelegate.m */ = {isa = PBXFileReference; fileEncoding = 4; lastKnownFileType = sourcecode.c.objc; path = GCDMulticastDelegate.m; sourceTree = "<group>"; };
		9CA56983176A19F400A16B7B /* LibIDN.h */ = {isa = PBXFileReference; fileEncoding = 4; lastKnownFileType = sourcecode.c.h; path = LibIDN.h; sourceTree = "<group>"; };
		9CA56984176A19F400A16B7B /* LibIDN.m */ = {isa = PBXFileReference; fileEncoding = 4; lastKnownFileType = sourcecode.c.objc; path = LibIDN.m; sourceTree = "<group>"; };
		9CA56985176A19F400A16B7B /* RFImageToDataTransformer.h */ = {isa = PBXFileReference; fileEncoding = 4; lastKnownFileType = sourcecode.c.h; path = RFImageToDataTransformer.h; sourceTree = "<group>"; };
		9CA56986176A19F400A16B7B /* RFImageToDataTransformer.m */ = {isa = PBXFileReference; fileEncoding = 4; lastKnownFileType = sourcecode.c.objc; path = RFImageToDataTransformer.m; sourceTree = "<group>"; };
		9CA56987176A19F400A16B7B /* XMPPIDTracker.h */ = {isa = PBXFileReference; fileEncoding = 4; lastKnownFileType = sourcecode.c.h; path = XMPPIDTracker.h; sourceTree = "<group>"; };
		9CA56988176A19F400A16B7B /* XMPPIDTracker.m */ = {isa = PBXFileReference; fileEncoding = 4; lastKnownFileType = sourcecode.c.objc; path = XMPPIDTracker.m; sourceTree = "<group>"; };
		9CA56989176A19F400A16B7B /* XMPPSRVResolver.h */ = {isa = PBXFileReference; fileEncoding = 4; lastKnownFileType = sourcecode.c.h; path = XMPPSRVResolver.h; sourceTree = "<group>"; };
		9CA5698A176A19F400A16B7B /* XMPPSRVResolver.m */ = {isa = PBXFileReference; fileEncoding = 4; lastKnownFileType = sourcecode.c.objc; path = XMPPSRVResolver.m; sourceTree = "<group>"; };
		9CA5698D176A19F400A16B7B /* XMPPAnonymousAuthentication.h */ = {isa = PBXFileReference; fileEncoding = 4; lastKnownFileType = sourcecode.c.h; path = XMPPAnonymousAuthentication.h; sourceTree = "<group>"; };
		9CA5698E176A19F400A16B7B /* XMPPAnonymousAuthentication.m */ = {isa = PBXFileReference; fileEncoding = 4; lastKnownFileType = sourcecode.c.objc; path = XMPPAnonymousAuthentication.m; sourceTree = "<group>"; };
		9CA56990176A19F400A16B7B /* XMPPDeprecatedDigestAuthentication.h */ = {isa = PBXFileReference; fileEncoding = 4; lastKnownFileType = sourcecode.c.h; path = XMPPDeprecatedDigestAuthentication.h; sourceTree = "<group>"; };
		9CA56991176A19F400A16B7B /* XMPPDeprecatedDigestAuthentication.m */ = {isa = PBXFileReference; fileEncoding = 4; lastKnownFileType = sourcecode.c.objc; path = XMPPDeprecatedDigestAuthentication.m; sourceTree = "<group>"; };
		9CA56993176A19F400A16B7B /* XMPPDeprecatedPlainAuthentication.h */ = {isa = PBXFileReference; fileEncoding = 4; lastKnownFileType = sourcecode.c.h; path = XMPPDeprecatedPlainAuthentication.h; sourceTree = "<group>"; };
		9CA56994176A19F400A16B7B /* XMPPDeprecatedPlainAuthentication.m */ = {isa = PBXFileReference; fileEncoding = 4; lastKnownFileType = sourcecode.c.objc; path = XMPPDeprecatedPlainAuthentication.m; sourceTree = "<group>"; };
		9CA56996176A19F400A16B7B /* XMPPDigestMD5Authentication.h */ = {isa = PBXFileReference; fileEncoding = 4; lastKnownFileType = sourcecode.c.h; path = XMPPDigestMD5Authentication.h; sourceTree = "<group>"; };
		9CA56997176A19F400A16B7B /* XMPPDigestMD5Authentication.m */ = {isa = PBXFileReference; fileEncoding = 4; lastKnownFileType = sourcecode.c.objc; path = XMPPDigestMD5Authentication.m; sourceTree = "<group>"; };
		9CA56999176A19F400A16B7B /* XMPPPlainAuthentication.h */ = {isa = PBXFileReference; fileEncoding = 4; lastKnownFileType = sourcecode.c.h; path = XMPPPlainAuthentication.h; sourceTree = "<group>"; };
		9CA5699A176A19F400A16B7B /* XMPPPlainAuthentication.m */ = {isa = PBXFileReference; fileEncoding = 4; lastKnownFileType = sourcecode.c.objc; path = XMPPPlainAuthentication.m; sourceTree = "<group>"; };
		9CA5699C176A19F400A16B7B /* XMPPXFacebookPlatformAuthentication.h */ = {isa = PBXFileReference; fileEncoding = 4; lastKnownFileType = sourcecode.c.h; path = XMPPXFacebookPlatformAuthentication.h; sourceTree = "<group>"; };
		9CA5699D176A19F400A16B7B /* XMPPXFacebookPlatformAuthentication.m */ = {isa = PBXFileReference; fileEncoding = 4; lastKnownFileType = sourcecode.c.objc; path = XMPPXFacebookPlatformAuthentication.m; sourceTree = "<group>"; };
		9CA5699E176A19F400A16B7B /* XMPPSASLAuthentication.h */ = {isa = PBXFileReference; fileEncoding = 4; lastKnownFileType = sourcecode.c.h; path = XMPPSASLAuthentication.h; sourceTree = "<group>"; };
		9CA569A0176A19F400A16B7B /* NSData+XMPP.h */ = {isa = PBXFileReference; fileEncoding = 4; lastKnownFileType = sourcecode.c.h; path = "NSData+XMPP.h"; sourceTree = "<group>"; };
		9CA569A1176A19F400A16B7B /* NSData+XMPP.m */ = {isa = PBXFileReference; fileEncoding = 4; lastKnownFileType = sourcecode.c.objc; path = "NSData+XMPP.m"; sourceTree = "<group>"; };
		9CA569A2176A19F400A16B7B /* NSNumber+XMPP.h */ = {isa = PBXFileReference; fileEncoding = 4; lastKnownFileType = sourcecode.c.h; path = "NSNumber+XMPP.h"; sourceTree = "<group>"; };
		9CA569A3176A19F400A16B7B /* NSNumber+XMPP.m */ = {isa = PBXFileReference; fileEncoding = 4; lastKnownFileType = sourcecode.c.objc; path = "NSNumber+XMPP.m"; sourceTree = "<group>"; };
		9CA569A4176A19F400A16B7B /* NSXMLElement+XMPP.h */ = {isa = PBXFileReference; fileEncoding = 4; lastKnownFileType = sourcecode.c.h; path = "NSXMLElement+XMPP.h"; sourceTree = "<group>"; };
		9CA569A5176A19F400A16B7B /* NSXMLElement+XMPP.m */ = {isa = PBXFileReference; fileEncoding = 4; lastKnownFileType = sourcecode.c.objc; path = "NSXMLElement+XMPP.m"; sourceTree = "<group>"; };
		9CA569A7176A19F400A16B7B /* XMPP.h */ = {isa = PBXFileReference; fileEncoding = 4; lastKnownFileType = sourcecode.c.h; path = XMPP.h; sourceTree = "<group>"; };
		9CA569A8176A19F400A16B7B /* XMPPElement.h */ = {isa = PBXFileReference; fileEncoding = 4; lastKnownFileType = sourcecode.c.h; path = XMPPElement.h; sourceTree = "<group>"; };
		9CA569A9176A19F400A16B7B /* XMPPElement.m */ = {isa = PBXFileReference; fileEncoding = 4; lastKnownFileType = sourcecode.c.objc; path = XMPPElement.m; sourceTree = "<group>"; };
		9CA569AA176A19F400A16B7B /* XMPPInternal.h */ = {isa = PBXFileReference; fileEncoding = 4; lastKnownFileType = sourcecode.c.h; path = XMPPInternal.h; sourceTree = "<group>"; };
		9CA569AB176A19F400A16B7B /* XMPPIQ.h */ = {isa = PBXFileReference; fileEncoding = 4; lastKnownFileType = sourcecode.c.h; path = XMPPIQ.h; sourceTree = "<group>"; };
		9CA569AC176A19F400A16B7B /* XMPPIQ.m */ = {isa = PBXFileReference; fileEncoding = 4; lastKnownFileType = sourcecode.c.objc; path = XMPPIQ.m; sourceTree = "<group>"; };
		9CA569AD176A19F400A16B7B /* XMPPJID.h */ = {isa = PBXFileReference; fileEncoding = 4; lastKnownFileType = sourcecode.c.h; path = XMPPJID.h; sourceTree = "<group>"; };
		9CA569AE176A19F400A16B7B /* XMPPJID.m */ = {isa = PBXFileReference; fileEncoding = 4; lastKnownFileType = sourcecode.c.objc; path = XMPPJID.m; sourceTree = "<group>"; };
		9CA569AF176A19F400A16B7B /* XMPPLogging.h */ = {isa = PBXFileReference; fileEncoding = 4; lastKnownFileType = sourcecode.c.h; path = XMPPLogging.h; sourceTree = "<group>"; };
		9CA569B0176A19F400A16B7B /* XMPPMessage.h */ = {isa = PBXFileReference; fileEncoding = 4; lastKnownFileType = sourcecode.c.h; path = XMPPMessage.h; sourceTree = "<group>"; };
		9CA569B1176A19F400A16B7B /* XMPPMessage.m */ = {isa = PBXFileReference; fileEncoding = 4; lastKnownFileType = sourcecode.c.objc; path = XMPPMessage.m; sourceTree = "<group>"; };
		9CA569B2176A19F400A16B7B /* XMPPModule.h */ = {isa = PBXFileReference; fileEncoding = 4; lastKnownFileType = sourcecode.c.h; path = XMPPModule.h; sourceTree = "<group>"; };
		9CA569B3176A19F400A16B7B /* XMPPModule.m */ = {isa = PBXFileReference; fileEncoding = 4; lastKnownFileType = sourcecode.c.objc; path = XMPPModule.m; sourceTree = "<group>"; };
		9CA569B4176A19F400A16B7B /* XMPPParser.h */ = {isa = PBXFileReference; fileEncoding = 4; lastKnownFileType = sourcecode.c.h; path = XMPPParser.h; sourceTree = "<group>"; };
		9CA569B5176A19F400A16B7B /* XMPPParser.m */ = {isa = PBXFileReference; fileEncoding = 4; lastKnownFileType = sourcecode.c.objc; path = XMPPParser.m; sourceTree = "<group>"; };
		9CA569B6176A19F400A16B7B /* XMPPPresence.h */ = {isa = PBXFileReference; fileEncoding = 4; lastKnownFileType = sourcecode.c.h; path = XMPPPresence.h; sourceTree = "<group>"; };
		9CA569B7176A19F400A16B7B /* XMPPPresence.m */ = {isa = PBXFileReference; fileEncoding = 4; lastKnownFileType = sourcecode.c.objc; path = XMPPPresence.m; sourceTree = "<group>"; };
		9CA569B8176A19F400A16B7B /* XMPPStream.h */ = {isa = PBXFileReference; fileEncoding = 4; lastKnownFileType = sourcecode.c.h; path = XMPPStream.h; sourceTree = "<group>"; xcLanguageSpecificationIdentifier = xcode.lang.objcpp; };
		9CA569B9176A19F400A16B7B /* XMPPStream.m */ = {isa = PBXFileReference; fileEncoding = 4; lastKnownFileType = sourcecode.c.objc; path = XMPPStream.m; sourceTree = "<group>"; xcLanguageSpecificationIdentifier = xcode.lang.objc; };
		9CBD9291176DD42E006ED0BE /* FUIButton+LCCategory.h */ = {isa = PBXFileReference; fileEncoding = 4; lastKnownFileType = sourcecode.c.h; path = "FUIButton+LCCategory.h"; sourceTree = "<group>"; };
		9CBD9292176DD42E006ED0BE /* FUIButton+LCCategory.m */ = {isa = PBXFileReference; fileEncoding = 4; lastKnownFileType = sourcecode.c.objc; path = "FUIButton+LCCategory.m"; sourceTree = "<group>"; };
		9CC0AAE9176F4BBC00FA1A00 /* LCHomeViewController.h */ = {isa = PBXFileReference; fileEncoding = 4; lastKnownFileType = sourcecode.c.h; path = LCHomeViewController.h; sourceTree = "<group>"; };
		9CC0AAEA176F4BBC00FA1A00 /* LCHomeViewController.m */ = {isa = PBXFileReference; fileEncoding = 4; lastKnownFileType = sourcecode.c.objc; path = LCHomeViewController.m; sourceTree = "<group>"; };
		A057152DCF9F4A5DAE6C93A9 /* Pods.xcconfig */ = {isa = PBXFileReference; includeInIndex = 1; lastKnownFileType = text.xcconfig; name = Pods.xcconfig; path = Pods/Pods.xcconfig; sourceTree = SOURCE_ROOT; };
/* End PBXFileReference section */

/* Begin PBXFrameworksBuildPhase section */
		9CA56913176A0BA300A16B7B /* Frameworks */ = {
			isa = PBXFrameworksBuildPhase;
			buildActionMask = 2147483647;
			files = (
				9C52A747176B4D7900A472E5 /* CoreLocation.framework in Frameworks */,
				9C52A6F7176B45D600A472E5 /* CoreData.framework in Frameworks */,
				9CA56975176A131100A16B7B /* libxml2.dylib in Frameworks */,
				9CA5696F176A128F00A16B7B /* libresolv.dylib in Frameworks */,
				9CA56958176A121100A16B7B /* Security.framework in Frameworks */,
				9CA56954176A11F800A16B7B /* CFNetwork.framework in Frameworks */,
				9CA5691A176A0BA300A16B7B /* UIKit.framework in Frameworks */,
				9CA5691C176A0BA300A16B7B /* Foundation.framework in Frameworks */,
				9CA5691E176A0BA300A16B7B /* CoreGraphics.framework in Frameworks */,
				B90AA18ECA62449CA6468BE3 /* libPods.a in Frameworks */,
				9CA5696D176A127500A16B7B /* libidn.a in Frameworks */,
			);
			runOnlyForDeploymentPostprocessing = 0;
		};
/* End PBXFrameworksBuildPhase section */

/* Begin PBXGroup section */
		9C138E6F17708129003CC90C /* View */ = {
			isa = PBXGroup;
			children = (
				9C138E701770813B003CC90C /* LCStateView.h */,
				9C138E711770813B003CC90C /* LCStateView.m */,
				9C138E921770B1A1003CC90C /* LCSummonerCell.h */,
				9C138E931770B1A1003CC90C /* LCSummonerCell.m */,
				9C138E981770BE65003CC90C /* LCSummonerCellObject.h */,
				9C138E991770BE65003CC90C /* LCSummonerCellObject.m */,
			);
			name = View;
			sourceTree = "<group>";
		};
		9C138E7A1770824B003CC90C /* image */ = {
			isa = PBXGroup;
			children = (
				9C138E7617708249003CC90C /* reloadButton.png */,
				9C138E7717708249003CC90C /* reloadButton@2x.png */,
				9C138E7B177082B3003CC90C /* reloadButtonActive@2x.png */,
				9C138E7C177082B3003CC90C /* reloadButtonActive.png */,
			);
			name = image;
			sourceTree = "<group>";
		};
		9C138E7F1770A7A4003CC90C /* Model */ = {
			isa = PBXGroup;
			children = (
				9C138E861770A93B003CC90C /* LCModel.h */,
				9C138E871770A93B003CC90C /* LCModel.m */,
				9C138E8F1770ADD9003CC90C /* LCGame.h */,
				9C138E901770ADD9003CC90C /* LCGame.m */,
				9C138E831770A8CB003CC90C /* LCSummoner.h */,
				9C138E841770A8CB003CC90C /* LCSummoner.m */,
				9C1B8FE017777936003677AC /* LCCurrentSummoner.h */,
				9C1B8FE117777937003677AC /* LCCurrentSummoner.m */,
				9C138E891770AA86003CC90C /* LCChampion.h */,
				9C138E8A1770AA86003CC90C /* LCChampion.m */,
			);
			name = Model;
			sourceTree = "<group>";
		};
		9C52A748176B5D9A00A472E5 /* Extensions */ = {
			isa = PBXGroup;
			children = (
				9C52A756176B5D9A00A472E5 /* Reconnect */,
			);
			name = Extensions;
			path = XMPPFramework/Extensions;
			sourceTree = "<group>";
		};
		9C52A756176B5D9A00A472E5 /* Reconnect */ = {
			isa = PBXGroup;
			children = (
				9C52A757176B5D9A00A472E5 /* XMPPReconnect.h */,
				9C52A758176B5D9A00A472E5 /* XMPPReconnect.m */,
			);
			path = Reconnect;
			sourceTree = "<group>";
		};
		9CA5690D176A0BA300A16B7B = {
			isa = PBXGroup;
			children = (
				9C52A746176B4D7800A472E5 /* CoreLocation.framework */,
				9C52A6F6176B45D500A472E5 /* CoreData.framework */,
				9CA5691F176A0BA300A16B7B /* lol */,
				9CA56918176A0BA300A16B7B /* Frameworks */,
				9CA56917176A0BA300A16B7B /* Products */,
				A057152DCF9F4A5DAE6C93A9 /* Pods.xcconfig */,
			);
			sourceTree = "<group>";
		};
		9CA56917176A0BA300A16B7B /* Products */ = {
			isa = PBXGroup;
			children = (
				9CA56916176A0BA300A16B7B /* lol.app */,
			);
			name = Products;
			sourceTree = "<group>";
		};
		9CA56918176A0BA300A16B7B /* Frameworks */ = {
			isa = PBXGroup;
			children = (
				9CA5697D176A19DC00A16B7B /* XMPP */,
				9CA56974176A131100A16B7B /* libxml2.dylib */,
				9CA5696E176A128F00A16B7B /* libresolv.dylib */,
				9CA5696A176A127500A16B7B /* idn-int.h */,
				9CA5696B176A127500A16B7B /* libidn.a */,
				9CA5696C176A127500A16B7B /* stringprep.h */,
				9CA56959176A122900A16B7B /* KissXML */,
				9CA5694F176A11C900A16B7B /* CocoaAsyncSocket */,
				9CA56936176A11A300A16B7B /* CocoaLumberjack */,
				9CA56919176A0BA300A16B7B /* UIKit.framework */,
				9CA5691B176A0BA300A16B7B /* Foundation.framework */,
				9CA5691D176A0BA300A16B7B /* CoreGraphics.framework */,
				2E6FAF64CE144990B9B2F5B5 /* libPods.a */,
				9CA56957176A121100A16B7B /* Security.framework */,
				9CA56953176A11F800A16B7B /* CFNetwork.framework */,
			);
			name = Frameworks;
			sourceTree = "<group>";
		};
		9CA5691F176A0BA300A16B7B /* lol */ = {
			isa = PBXGroup;
			children = (
				9CA56928176A0BA300A16B7B /* LCAppDelegate.h */,
				9CA56929176A0BA300A16B7B /* LCAppDelegate.m */,
				9C138E7F1770A7A4003CC90C /* Model */,
				9CA56979176A181B00A16B7B /* Controller */,
				9C138E6F17708129003CC90C /* View */,
				9CA569D1176A226300A16B7B /* Helper */,
				9CA56920176A0BA300A16B7B /* Supporting Files */,
			);
			path = lol;
			sourceTree = "<group>";
		};
		9CA56920176A0BA300A16B7B /* Supporting Files */ = {
			isa = PBXGroup;
			children = (
				9C138E7A1770824B003CC90C /* image */,
				9CA56921176A0BA300A16B7B /* lol-Info.plist */,
				9CA56922176A0BA300A16B7B /* InfoPlist.strings */,
				9CA56925176A0BA300A16B7B /* main.m */,
				9CA56927176A0BA300A16B7B /* lol-Prefix.pch */,
				9CA5692B176A0BA300A16B7B /* Default.png */,
				9CA5692D176A0BA300A16B7B /* Default@2x.png */,
				9CA5692F176A0BA300A16B7B /* Default-568h@2x.png */,
			);
			name = "Supporting Files";
			sourceTree = "<group>";
		};
		9CA56936176A11A300A16B7B /* CocoaLumberjack */ = {
			isa = PBXGroup;
			children = (
				9CA56937176A11A300A16B7B /* DDAbstractDatabaseLogger.h */,
				9CA56938176A11A300A16B7B /* DDAbstractDatabaseLogger.m */,
				9CA56939176A11A300A16B7B /* DDASLLogger.h */,
				9CA5693A176A11A300A16B7B /* DDASLLogger.m */,
				9CA5693B176A11A300A16B7B /* DDFileLogger.h */,
				9CA5693C176A11A300A16B7B /* DDFileLogger.m */,
				9CA5693D176A11A300A16B7B /* DDLog.h */,
				9CA5693E176A11A300A16B7B /* DDLog.m */,
				9CA5693F176A11A300A16B7B /* DDTTYLogger.h */,
				9CA56940176A11A300A16B7B /* DDTTYLogger.m */,
				9CA56941176A11A300A16B7B /* Extensions */,
			);
			name = CocoaLumberjack;
			path = XMPPFramework/Vendor/CocoaLumberjack;
			sourceTree = "<group>";
		};
		9CA56941176A11A300A16B7B /* Extensions */ = {
			isa = PBXGroup;
			children = (
				9CA56942176A11A300A16B7B /* ContextFilterLogFormatter.h */,
				9CA56943176A11A300A16B7B /* ContextFilterLogFormatter.m */,
				9CA56944176A11A300A16B7B /* DispatchQueueLogFormatter.h */,
				9CA56945176A11A300A16B7B /* DispatchQueueLogFormatter.m */,
				9CA56946176A11A300A16B7B /* README.txt */,
			);
			path = Extensions;
			sourceTree = "<group>";
		};
		9CA5694F176A11C900A16B7B /* CocoaAsyncSocket */ = {
			isa = PBXGroup;
			children = (
				9CA56950176A11C900A16B7B /* GCDAsyncSocket.h */,
				9CA56951176A11C900A16B7B /* GCDAsyncSocket.m */,
			);
			name = CocoaAsyncSocket;
			path = XMPPFramework/Vendor/CocoaAsyncSocket;
			sourceTree = "<group>";
		};
		9CA56959176A122900A16B7B /* KissXML */ = {
			isa = PBXGroup;
			children = (
				9CA5695A176A122900A16B7B /* Categories */,
				9CA5695D176A122900A16B7B /* DDXML.h */,
				9CA5695E176A122900A16B7B /* DDXMLDocument.h */,
				9CA5695F176A122900A16B7B /* DDXMLDocument.m */,
				9CA56960176A122900A16B7B /* DDXMLElement.h */,
				9CA56961176A122900A16B7B /* DDXMLElement.m */,
				9CA56962176A122900A16B7B /* DDXMLNode.h */,
				9CA56963176A122900A16B7B /* DDXMLNode.m */,
				9CA56964176A122900A16B7B /* Private */,
			);
			name = KissXML;
			path = XMPPFramework/Vendor/KissXML;
			sourceTree = "<group>";
		};
		9CA5695A176A122900A16B7B /* Categories */ = {
			isa = PBXGroup;
			children = (
				9CA5695B176A122900A16B7B /* NSString+DDXML.h */,
				9CA5695C176A122900A16B7B /* NSString+DDXML.m */,
			);
			path = Categories;
			sourceTree = "<group>";
		};
		9CA56964176A122900A16B7B /* Private */ = {
			isa = PBXGroup;
			children = (
				9CA56965176A122900A16B7B /* DDXMLPrivate.h */,
			);
			path = Private;
			sourceTree = "<group>";
		};
		9CA56979176A181B00A16B7B /* Controller */ = {
			isa = PBXGroup;
			children = (
				9CA5697A176A183D00A16B7B /* LCLoginViewController.h */,
				9CA5697B176A183D00A16B7B /* LCLoginViewController.m */,
				9CC0AAE9176F4BBC00FA1A00 /* LCHomeViewController.h */,
				9CC0AAEA176F4BBC00FA1A00 /* LCHomeViewController.m */,
				9C1B8FDA1777519C003677AC /* LCSummonerViewController.h */,
				9C1B8FDB1777519C003677AC /* LCSummonerViewController.m */,
				9C1B8FDD17775418003677AC /* LCGameTabBarController.h */,
				9C1B8FDE17775418003677AC /* LCGameTabBarController.m */,
			);
			name = Controller;
			sourceTree = "<group>";
		};
		9CA5697D176A19DC00A16B7B /* XMPP */ = {
			isa = PBXGroup;
			children = (
				9C52A748176B5D9A00A472E5 /* Extensions */,
				9CA5697E176A19F400A16B7B /* Utilities */,
				9CA5698B176A19F400A16B7B /* Authentication */,
				9CA5699F176A19F400A16B7B /* Categories */,
				9CA569A6176A19F400A16B7B /* Core */,
			);
			name = XMPP;
			sourceTree = "<group>";
		};
		9CA5697E176A19F400A16B7B /* Utilities */ = {
			isa = PBXGroup;
			children = (
				9CA5697F176A19F400A16B7B /* DDList.h */,
				9CA56980176A19F400A16B7B /* DDList.m */,
				9CA56981176A19F400A16B7B /* GCDMulticastDelegate.h */,
				9CA56982176A19F400A16B7B /* GCDMulticastDelegate.m */,
				9CA56983176A19F400A16B7B /* LibIDN.h */,
				9CA56984176A19F400A16B7B /* LibIDN.m */,
				9CA56985176A19F400A16B7B /* RFImageToDataTransformer.h */,
				9CA56986176A19F400A16B7B /* RFImageToDataTransformer.m */,
				9CA56987176A19F400A16B7B /* XMPPIDTracker.h */,
				9CA56988176A19F400A16B7B /* XMPPIDTracker.m */,
				9CA56989176A19F400A16B7B /* XMPPSRVResolver.h */,
				9CA5698A176A19F400A16B7B /* XMPPSRVResolver.m */,
			);
			name = Utilities;
			path = XMPPFramework/Utilities;
			sourceTree = "<group>";
		};
		9CA5698B176A19F400A16B7B /* Authentication */ = {
			isa = PBXGroup;
			children = (
				9CA5698C176A19F400A16B7B /* Anonymous */,
				9CA5698F176A19F400A16B7B /* Deprecated-Digest */,
				9CA56992176A19F400A16B7B /* Deprecated-Plain */,
				9CA56995176A19F400A16B7B /* Digest-MD5 */,
				9CA56998176A19F400A16B7B /* Plain */,
				9CA5699B176A19F400A16B7B /* X-Facebook-Platform */,
				9CA5699E176A19F400A16B7B /* XMPPSASLAuthentication.h */,
			);
			name = Authentication;
			path = XMPPFramework/Authentication;
			sourceTree = "<group>";
		};
		9CA5698C176A19F400A16B7B /* Anonymous */ = {
			isa = PBXGroup;
			children = (
				9CA5698D176A19F400A16B7B /* XMPPAnonymousAuthentication.h */,
				9CA5698E176A19F400A16B7B /* XMPPAnonymousAuthentication.m */,
			);
			path = Anonymous;
			sourceTree = "<group>";
		};
		9CA5698F176A19F400A16B7B /* Deprecated-Digest */ = {
			isa = PBXGroup;
			children = (
				9CA56990176A19F400A16B7B /* XMPPDeprecatedDigestAuthentication.h */,
				9CA56991176A19F400A16B7B /* XMPPDeprecatedDigestAuthentication.m */,
			);
			path = "Deprecated-Digest";
			sourceTree = "<group>";
		};
		9CA56992176A19F400A16B7B /* Deprecated-Plain */ = {
			isa = PBXGroup;
			children = (
				9CA56993176A19F400A16B7B /* XMPPDeprecatedPlainAuthentication.h */,
				9CA56994176A19F400A16B7B /* XMPPDeprecatedPlainAuthentication.m */,
			);
			path = "Deprecated-Plain";
			sourceTree = "<group>";
		};
		9CA56995176A19F400A16B7B /* Digest-MD5 */ = {
			isa = PBXGroup;
			children = (
				9CA56996176A19F400A16B7B /* XMPPDigestMD5Authentication.h */,
				9CA56997176A19F400A16B7B /* XMPPDigestMD5Authentication.m */,
			);
			path = "Digest-MD5";
			sourceTree = "<group>";
		};
		9CA56998176A19F400A16B7B /* Plain */ = {
			isa = PBXGroup;
			children = (
				9CA56999176A19F400A16B7B /* XMPPPlainAuthentication.h */,
				9CA5699A176A19F400A16B7B /* XMPPPlainAuthentication.m */,
			);
			path = Plain;
			sourceTree = "<group>";
		};
		9CA5699B176A19F400A16B7B /* X-Facebook-Platform */ = {
			isa = PBXGroup;
			children = (
				9CA5699C176A19F400A16B7B /* XMPPXFacebookPlatformAuthentication.h */,
				9CA5699D176A19F400A16B7B /* XMPPXFacebookPlatformAuthentication.m */,
			);
			path = "X-Facebook-Platform";
			sourceTree = "<group>";
		};
		9CA5699F176A19F400A16B7B /* Categories */ = {
			isa = PBXGroup;
			children = (
				9CA569A0176A19F400A16B7B /* NSData+XMPP.h */,
				9CA569A1176A19F400A16B7B /* NSData+XMPP.m */,
				9CA569A2176A19F400A16B7B /* NSNumber+XMPP.h */,
				9CA569A3176A19F400A16B7B /* NSNumber+XMPP.m */,
				9CA569A4176A19F400A16B7B /* NSXMLElement+XMPP.h */,
				9CA569A5176A19F400A16B7B /* NSXMLElement+XMPP.m */,
			);
			name = Categories;
			path = XMPPFramework/Categories;
			sourceTree = "<group>";
		};
		9CA569A6176A19F400A16B7B /* Core */ = {
			isa = PBXGroup;
			children = (
				9CA569A7176A19F400A16B7B /* XMPP.h */,
				9CA569A8176A19F400A16B7B /* XMPPElement.h */,
				9CA569A9176A19F400A16B7B /* XMPPElement.m */,
				9CA569AA176A19F400A16B7B /* XMPPInternal.h */,
				9CA569AB176A19F400A16B7B /* XMPPIQ.h */,
				9CA569AC176A19F400A16B7B /* XMPPIQ.m */,
				9CA569AD176A19F400A16B7B /* XMPPJID.h */,
				9CA569AE176A19F400A16B7B /* XMPPJID.m */,
				9CA569AF176A19F400A16B7B /* XMPPLogging.h */,
				9CA569B0176A19F400A16B7B /* XMPPMessage.h */,
				9CA569B1176A19F400A16B7B /* XMPPMessage.m */,
				9CA569B2176A19F400A16B7B /* XMPPModule.h */,
				9CA569B3176A19F400A16B7B /* XMPPModule.m */,
				9CA569B4176A19F400A16B7B /* XMPPParser.h */,
				9CA569B5176A19F400A16B7B /* XMPPParser.m */,
				9CA569B6176A19F400A16B7B /* XMPPPresence.h */,
				9CA569B7176A19F400A16B7B /* XMPPPresence.m */,
				9CA569B8176A19F400A16B7B /* XMPPStream.h */,
				9CA569B9176A19F400A16B7B /* XMPPStream.m */,
			);
			name = Core;
			path = XMPPFramework/Core;
			sourceTree = "<group>";
		};
		9CA569D1176A226300A16B7B /* Helper */ = {
			isa = PBXGroup;
			children = (
				9C138E951770BC0E003CC90C /* XMPPIQ+LCCategory.h */,
				9C138E961770BC0E003CC90C /* XMPPIQ+LCCategory.m */,
				9C138E6C17705911003CC90C /* DDXMLDocument+LCCategory.h */,
				9C138E6D17705911003CC90C /* DDXMLDocument+LCCategory.m */,
				9C138E69176FA0C7003CC90C /* XMPPPresence+LCCategory.h */,
				9C138E6A176FA0C7003CC90C /* XMPPPresence+LCCategory.m */,
				9CBD9291176DD42E006ED0BE /* FUIButton+LCCategory.h */,
				9CBD9292176DD42E006ED0BE /* FUIButton+LCCategory.m */,
				9C52A664176B2A2D00A472E5 /* NSString+LCCategory.h */,
				9C52A665176B2A2D00A472E5 /* NSString+LCCategory.m */,
				9C138E73177081CE003CC90C /* UIView+APCategory.h */,
				9C138E74177081CE003CC90C /* UIView+APCategory.m */,
				9C52A67E176B44B600A472E5 /* XMPPFramework.h */,
			);
			name = Helper;
			sourceTree = "<group>";
		};
/* End PBXGroup section */

/* Begin PBXNativeTarget section */
		9CA56915176A0BA300A16B7B /* lol */ = {
			isa = PBXNativeTarget;
			buildConfigurationList = 9CA56933176A0BA300A16B7B /* Build configuration list for PBXNativeTarget "lol" */;
			buildPhases = (
				3A62EA8326FB47E689233D01 /* Check Pods Manifest.lock */,
				9CA56912176A0BA300A16B7B /* Sources */,
				9CA56913176A0BA300A16B7B /* Frameworks */,
				9CA56914176A0BA300A16B7B /* Resources */,
				632DB0A39F2C49C8B319C426 /* Copy Pods Resources */,
			);
			buildRules = (
			);
			dependencies = (
			);
			name = lol;
			productName = lol;
			productReference = 9CA56916176A0BA300A16B7B /* lol.app */;
			productType = "com.apple.product-type.application";
		};
/* End PBXNativeTarget section */

/* Begin PBXProject section */
		9CA5690E176A0BA300A16B7B /* Project object */ = {
			isa = PBXProject;
			attributes = {
				CLASSPREFIX = LC;
				LastUpgradeCheck = 0460;
				ORGANIZATIONNAME = WUDI;
			};
			buildConfigurationList = 9CA56911176A0BA300A16B7B /* Build configuration list for PBXProject "lol" */;
			compatibilityVersion = "Xcode 3.2";
			developmentRegion = English;
			hasScannedForEncodings = 0;
			knownRegions = (
				en,
			);
			mainGroup = 9CA5690D176A0BA300A16B7B;
			productRefGroup = 9CA56917176A0BA300A16B7B /* Products */;
			projectDirPath = "";
			projectRoot = "";
			targets = (
				9CA56915176A0BA300A16B7B /* lol */,
			);
		};
/* End PBXProject section */

/* Begin PBXResourcesBuildPhase section */
		9CA56914176A0BA300A16B7B /* Resources */ = {
			isa = PBXResourcesBuildPhase;
			buildActionMask = 2147483647;
			files = (
				9CA56924176A0BA300A16B7B /* InfoPlist.strings in Resources */,
				9CA5692C176A0BA300A16B7B /* Default.png in Resources */,
				9CA5692E176A0BA300A16B7B /* Default@2x.png in Resources */,
				9CA56930176A0BA300A16B7B /* Default-568h@2x.png in Resources */,
				9CA5694E176A11A300A16B7B /* README.txt in Resources */,
				9C138E7817708249003CC90C /* reloadButton.png in Resources */,
				9C138E7917708249003CC90C /* reloadButton@2x.png in Resources */,
				9C138E7D177082B3003CC90C /* reloadButtonActive@2x.png in Resources */,
				9C138E7E177082B3003CC90C /* reloadButtonActive.png in Resources */,
			);
			runOnlyForDeploymentPostprocessing = 0;
		};
/* End PBXResourcesBuildPhase section */

/* Begin PBXShellScriptBuildPhase section */
		3A62EA8326FB47E689233D01 /* Check Pods Manifest.lock */ = {
			isa = PBXShellScriptBuildPhase;
			buildActionMask = 2147483647;
			files = (
			);
			inputPaths = (
			);
			name = "Check Pods Manifest.lock";
			outputPaths = (
			);
			runOnlyForDeploymentPostprocessing = 0;
			shellPath = /bin/sh;
			shellScript = "diff \"${PODS_ROOT}/../Podfile.lock\" \"${PODS_ROOT}/Manifest.lock\" > /dev/null\nif [[ $? != 0 ]] ; then\n    cat << EOM\nerror: The sandbox is not in sync with the Podfile.lock. Run 'pod install' or update your CocoaPods installation.\nEOM\n    exit 1\nfi\n";
		};
		632DB0A39F2C49C8B319C426 /* Copy Pods Resources */ = {
			isa = PBXShellScriptBuildPhase;
			buildActionMask = 2147483647;
			files = (
			);
			inputPaths = (
			);
			name = "Copy Pods Resources";
			outputPaths = (
			);
			runOnlyForDeploymentPostprocessing = 0;
			shellPath = /bin/sh;
			shellScript = "\"${SRCROOT}/Pods/Pods-resources.sh\"\n";
		};
/* End PBXShellScriptBuildPhase section */

/* Begin PBXSourcesBuildPhase section */
		9CA56912176A0BA300A16B7B /* Sources */ = {
			isa = PBXSourcesBuildPhase;
			buildActionMask = 2147483647;
			files = (
				9CA56926176A0BA300A16B7B /* main.m in Sources */,
				9CA5692A176A0BA300A16B7B /* LCAppDelegate.m in Sources */,
				9CA56947176A11A300A16B7B /* DDAbstractDatabaseLogger.m in Sources */,
				9CA56948176A11A300A16B7B /* DDASLLogger.m in Sources */,
				9CA56949176A11A300A16B7B /* DDFileLogger.m in Sources */,
				9CA5694A176A11A300A16B7B /* DDLog.m in Sources */,
				9CA5694B176A11A300A16B7B /* DDTTYLogger.m in Sources */,
				9CA5694C176A11A300A16B7B /* ContextFilterLogFormatter.m in Sources */,
				9CA5694D176A11A300A16B7B /* DispatchQueueLogFormatter.m in Sources */,
				9CA56952176A11C900A16B7B /* GCDAsyncSocket.m in Sources */,
				9CA56966176A122900A16B7B /* NSString+DDXML.m in Sources */,
				9CA56967176A122900A16B7B /* DDXMLDocument.m in Sources */,
				9CA56968176A122900A16B7B /* DDXMLElement.m in Sources */,
				9CA56969176A122900A16B7B /* DDXMLNode.m in Sources */,
				9CA5697C176A183D00A16B7B /* LCLoginViewController.m in Sources */,
				9CA569BA176A19F400A16B7B /* DDList.m in Sources */,
				9CA569BB176A19F400A16B7B /* GCDMulticastDelegate.m in Sources */,
				9CA569BC176A19F400A16B7B /* LibIDN.m in Sources */,
				9CA569BD176A19F400A16B7B /* RFImageToDataTransformer.m in Sources */,
				9CA569BE176A19F400A16B7B /* XMPPIDTracker.m in Sources */,
				9CA569BF176A19F400A16B7B /* XMPPSRVResolver.m in Sources */,
				9CA569C0176A19F400A16B7B /* XMPPAnonymousAuthentication.m in Sources */,
				9CA569C1176A19F400A16B7B /* XMPPDeprecatedDigestAuthentication.m in Sources */,
				9CA569C2176A19F400A16B7B /* XMPPDeprecatedPlainAuthentication.m in Sources */,
				9CA569C3176A19F400A16B7B /* XMPPDigestMD5Authentication.m in Sources */,
				9CA569C4176A19F400A16B7B /* XMPPPlainAuthentication.m in Sources */,
				9CA569C5176A19F400A16B7B /* XMPPXFacebookPlatformAuthentication.m in Sources */,
				9CA569C6176A19F400A16B7B /* NSData+XMPP.m in Sources */,
				9CA569C7176A19F400A16B7B /* NSNumber+XMPP.m in Sources */,
				9CA569C8176A19F400A16B7B /* NSXMLElement+XMPP.m in Sources */,
				9CA569C9176A19F400A16B7B /* XMPPElement.m in Sources */,
				9CA569CA176A19F400A16B7B /* XMPPIQ.m in Sources */,
				9CA569CB176A19F400A16B7B /* XMPPJID.m in Sources */,
				9CA569CC176A19F400A16B7B /* XMPPMessage.m in Sources */,
				9CA569CD176A19F400A16B7B /* XMPPModule.m in Sources */,
				9CA569CE176A19F400A16B7B /* XMPPParser.m in Sources */,
				9CA569CF176A19F400A16B7B /* XMPPPresence.m in Sources */,
				9CA569D0176A19F400A16B7B /* XMPPStream.m in Sources */,
				9C52A666176B2A2D00A472E5 /* NSString+LCCategory.m in Sources */,
				9C52A823176B5D9A00A472E5 /* XMPPReconnect.m in Sources */,
				9CBD9293176DD42E006ED0BE /* FUIButton+LCCategory.m in Sources */,
				9CC0AAEB176F4BBC00FA1A00 /* LCHomeViewController.m in Sources */,
				9C138E6B176FA0C7003CC90C /* XMPPPresence+LCCategory.m in Sources */,
				9C138E6E17705911003CC90C /* DDXMLDocument+LCCategory.m in Sources */,
				9C138E721770813B003CC90C /* LCStateView.m in Sources */,
				9C138E75177081CE003CC90C /* UIView+APCategory.m in Sources */,
				9C138E851770A8CB003CC90C /* LCSummoner.m in Sources */,
				9C138E881770A93B003CC90C /* LCModel.m in Sources */,
				9C138E8B1770AA86003CC90C /* LCChampion.m in Sources */,
				9C138E911770ADD9003CC90C /* LCGame.m in Sources */,
				9C138E941770B1A1003CC90C /* LCSummonerCell.m in Sources */,
				9C138E971770BC0E003CC90C /* XMPPIQ+LCCategory.m in Sources */,
				9C138E9A1770BE65003CC90C /* LCSummonerCellObject.m in Sources */,
				9C1B8FDC1777519C003677AC /* LCSummonerViewController.m in Sources */,
				9C1B8FDF17775418003677AC /* LCGameTabBarController.m in Sources */,
				9C1B8FE217777937003677AC /* LCCurrentSummoner.m in Sources */,
			);
			runOnlyForDeploymentPostprocessing = 0;
		};
/* End PBXSourcesBuildPhase section */

/* Begin PBXVariantGroup section */
		9CA56922176A0BA300A16B7B /* InfoPlist.strings */ = {
			isa = PBXVariantGroup;
			children = (
				9CA56923176A0BA300A16B7B /* en */,
			);
			name = InfoPlist.strings;
			sourceTree = "<group>";
		};
/* End PBXVariantGroup section */

/* Begin XCBuildConfiguration section */
		9CA56931176A0BA300A16B7B /* Debug */ = {
			isa = XCBuildConfiguration;
			buildSettings = {
				ALWAYS_SEARCH_USER_PATHS = NO;
				CLANG_CXX_LANGUAGE_STANDARD = "gnu++0x";
				CLANG_CXX_LIBRARY = "libc++";
				CLANG_ENABLE_OBJC_ARC = YES;
				CLANG_WARN_CONSTANT_CONVERSION = YES;
				CLANG_WARN_EMPTY_BODY = YES;
				CLANG_WARN_ENUM_CONVERSION = YES;
				CLANG_WARN_INT_CONVERSION = YES;
				CLANG_WARN__DUPLICATE_METHOD_MATCH = YES;
				"CODE_SIGN_IDENTITY[sdk=iphoneos*]" = "iPhone Developer";
				COPY_PHASE_STRIP = NO;
				GCC_C_LANGUAGE_STANDARD = gnu99;
				GCC_DYNAMIC_NO_PIC = NO;
				GCC_OPTIMIZATION_LEVEL = 0;
				GCC_PREPROCESSOR_DEFINITIONS = (
					"DEBUG=1",
					"$(inherited)",
				);
				GCC_SYMBOLS_PRIVATE_EXTERN = NO;
				GCC_WARN_ABOUT_RETURN_TYPE = YES;
				GCC_WARN_UNINITIALIZED_AUTOS = YES;
				GCC_WARN_UNUSED_VARIABLE = YES;
				IPHONEOS_DEPLOYMENT_TARGET = 6.1;
				ONLY_ACTIVE_ARCH = YES;
				SDKROOT = iphoneos;
			};
			name = Debug;
		};
		9CA56932176A0BA300A16B7B /* Release */ = {
			isa = XCBuildConfiguration;
			buildSettings = {
				ALWAYS_SEARCH_USER_PATHS = NO;
				CLANG_CXX_LANGUAGE_STANDARD = "gnu++0x";
				CLANG_CXX_LIBRARY = "libc++";
				CLANG_ENABLE_OBJC_ARC = YES;
				CLANG_WARN_CONSTANT_CONVERSION = YES;
				CLANG_WARN_EMPTY_BODY = YES;
				CLANG_WARN_ENUM_CONVERSION = YES;
				CLANG_WARN_INT_CONVERSION = YES;
				CLANG_WARN__DUPLICATE_METHOD_MATCH = YES;
				"CODE_SIGN_IDENTITY[sdk=iphoneos*]" = "iPhone Developer";
				COPY_PHASE_STRIP = YES;
				GCC_C_LANGUAGE_STANDARD = gnu99;
				GCC_WARN_ABOUT_RETURN_TYPE = YES;
				GCC_WARN_UNINITIALIZED_AUTOS = YES;
				GCC_WARN_UNUSED_VARIABLE = YES;
				IPHONEOS_DEPLOYMENT_TARGET = 6.1;
				OTHER_CFLAGS = "-DNS_BLOCK_ASSERTIONS=1";
				SDKROOT = iphoneos;
				VALIDATE_PRODUCT = YES;
			};
			name = Release;
		};
		9CA56934176A0BA300A16B7B /* Debug */ = {
			isa = XCBuildConfiguration;
			baseConfigurationReference = A057152DCF9F4A5DAE6C93A9 /* Pods.xcconfig */;
			buildSettings = {
				GCC_PRECOMPILE_PREFIX_HEADER = YES;
				GCC_PREFIX_HEADER = "lol/lol-Prefix.pch";
				HEADER_SEARCH_PATHS = (
					"${PODS_HEADERS_SEARCH_PATHS}",
					"\"$(SDK_DIR)\"/usr/include/libxml2",
				);
				INFOPLIST_FILE = "lol/lol-Info.plist";
				LIBRARY_SEARCH_PATHS = (
					"$(inherited)",
					"\"$(SRCROOT)/XMPPFramework/Vendor/libidn\"",
					"\"$(SYSTEM_APPS_DIR)/League of Legends.app/Contents/LOL/RADS/projects/lol_launcher/releases/0.0.0.78/deploy/LoLLauncher.app/Contents/Frameworks/RiotLibs\"",
				);
				PRODUCT_NAME = "$(TARGET_NAME)";
				WRAPPER_EXTENSION = app;
			};
			name = Debug;
		};
		9CA56935176A0BA300A16B7B /* Release */ = {
			isa = XCBuildConfiguration;
			baseConfigurationReference = A057152DCF9F4A5DAE6C93A9 /* Pods.xcconfig */;
			buildSettings = {
				GCC_PRECOMPILE_PREFIX_HEADER = YES;
				GCC_PREFIX_HEADER = "lol/lol-Prefix.pch";
				HEADER_SEARCH_PATHS = (
					"${PODS_HEADERS_SEARCH_PATHS}",
					"\"$(SDK_DIR)\"/usr/include/libxml2",
				);
				INFOPLIST_FILE = "lol/lol-Info.plist";
				LIBRARY_SEARCH_PATHS = (
					"$(inherited)",
					"\"$(SRCROOT)/XMPPFramework/Vendor/libidn\"",
					"\"$(SYSTEM_APPS_DIR)/League of Legends.app/Contents/LOL/RADS/projects/lol_launcher/releases/0.0.0.78/deploy/LoLLauncher.app/Contents/Frameworks/RiotLibs\"",
				);
				PRODUCT_NAME = "$(TARGET_NAME)";
				WRAPPER_EXTENSION = app;
			};
			name = Release;
		};
/* End XCBuildConfiguration section */

/* Begin XCConfigurationList section */
		9CA56911176A0BA300A16B7B /* Build configuration list for PBXProject "lol" */ = {
			isa = XCConfigurationList;
			buildConfigurations = (
				9CA56931176A0BA300A16B7B /* Debug */,
				9CA56932176A0BA300A16B7B /* Release */,
			);
			defaultConfigurationIsVisible = 0;
			defaultConfigurationName = Release;
		};
		9CA56933176A0BA300A16B7B /* Build configuration list for PBXNativeTarget "lol" */ = {
			isa = XCConfigurationList;
			buildConfigurations = (
				9CA56934176A0BA300A16B7B /* Debug */,
				9CA56935176A0BA300A16B7B /* Release */,
			);
			defaultConfigurationIsVisible = 0;
			defaultConfigurationName = Release;
		};
/* End XCConfigurationList section */
	};
	rootObject = 9CA5690E176A0BA300A16B7B /* Project object */;
}
