PODS:
  - ActionSheetPicker2 (0.1)
  - AFNetworking (1.3.1)
  - BlocksKit (1.8.2):
    - libffi
  - FlatUIKit (1.1)
  - HorizontalPicker (1.0.0)
  - JSONKit (1.5pre)
  - libffi (3.0.13)
  - Nimbus (1.0.0):
    - Nimbus/AttributedLabel
    - Nimbus/Badge
    - Nimbus/Core
    - Nimbus/CSS
    - Nimbus/Interapp
    - Nimbus/Launcher
    - Nimbus/Models
    - Nimbus/NetworkControllers
    - Nimbus/NetworkImage
    - Nimbus/Operations
    - Nimbus/Overview
    - Nimbus/PagingScrollView
    - Nimbus/Photos
    - Nimbus/WebController
  - Nimbus/AttributedLabel (1.0.0):
    - Nimbus/Core
  - Nimbus/Badge (1.0.0):
    - Nimbus/Core
  - Nimbus/Core (1.0.0)
  - Nimbus/CSS (1.0.0):
    - AFNetworking
    - Nimbus/Core
  - Nimbus/Interapp (1.0.0):
    - Nimbus/Core
  - Nimbus/Launcher (1.0.0):
    - Nimbus/Core
  - Nimbus/Models (1.0.0):
    - Nimbus/Core
  - Nimbus/NetworkControllers (1.0.0):
    - Nimbus/Core
  - Nimbus/NetworkImage (1.0.0):
    - Nimbus/Core
  - Nimbus/Operations (1.0.0):
    - Nimbus/Core
    - Nimbus/Operations/JSON
  - Nimbus/Operations/JSON (1.0.0):
    - JSONKit
    - Nimbus/Core
  - Nimbus/Overview (1.0.0):
    - Nimbus/Core
  - Nimbus/PagingScrollView (1.0.0):
    - Nimbus/Core
  - Nimbus/Photos (1.0.0):
    - Nimbus/Core
    - Nimbus/PagingScrollView
  - Nimbus/WebController (1.0.0):
    - Nimbus/Core
  - ODRefreshControl (1.1.0)
  - Overline-BlocksKit (0.2.0)
  - REMenu (1.3.5)
  - RestKit (0.20.2):
    - RestKit/Core
  - RestKit/Core (0.20.2):
    - RestKit/CoreData
    - RestKit/Network
    - RestKit/ObjectMapping
  - RestKit/CoreData (0.20.2)
  - RestKit/Network (0.20.2):
    - AFNetworking (~> 1.3.0)
    - RestKit/ObjectMapping
    - RestKit/Support
    - SOCKit
  - RestKit/ObjectMapping (0.20.2)
  - RestKit/Support (0.20.2):
    - TransitionKit (= 1.1.1)
  - SIAlertView (1.2)
  - SOCKit (1.1)
  - SVProgressHUD (0.9)
  - TransitionKit (1.1.1)

DEPENDENCIES:
  - ActionSheetPicker2 (~> 0.1)
  - BlocksKit
  - FlatUIKit
  - HorizontalPicker
  - Nimbus
  - ODRefreshControl
  - Overline-BlocksKit
  - REMenu
  - RestKit
  - SIAlertView
  - SVProgressHUD
  - TransitionKit

SPEC CHECKSUMS:
  ActionSheetPicker2: 1a097a29ab437ea47356f3477e7a47e175a90445
  AFNetworking: 9ec8aafb9269236a7630bd8d9838ce2ba30fa2a0
  BlocksKit: 7396526b0816734103f6133fbb1a520c8b04e80c
  FlatUIKit: 3b15b582ffcfa4e392bedc4d3c5461f9b11c1cc2
  HorizontalPicker: a63cf6ff5201d8e8996541774f665d588b1f5920
  JSONKit: 409734ab3407fce90ef7eaa95d7168f38d9a6601
  libffi: 64ef39353e747bb2b25e1026afd96a157bf9231c
  Nimbus: 3cab0289af9fab0674a95c0d161c223bd47697c6
  ODRefreshControl: 886e323a7c25114b9e5c397a9eefbebc034224a9
  Overline-BlocksKit: 9a4301ed1f4a45918b7afc4ce1c6ea4ed8f45a09
  REMenu: 097c09787102e30f17f344386d12dbb3d723a43d
  RestKit: e511651e916245fa4becfb0e8f966a1fa021fcd4
  SIAlertView: fd188f66278761f4ff069f517c3deb2be16ecdcc
  SOCKit: ed67aeeca4a697b63a933229e53f4670d5b9300f
  SVProgressHUD: 03d4845ec8e64591726428a08236c6a5489d45f8
  TransitionKit: 3b3836af6887d16a0834fa35031028792d1d5c0c

COCOAPODS: 0.20.2
